
Microsoft Visual Studio Solution File, Format Version 12.00
# Visual Studio Version 16
VisualStudioVersion = 16.0.30711.63
MinimumVisualStudioVersion = 10.0.40219.1
Project("{FAE04EC0-301F-11D3-BF4B-00C04F79EFBC}") = "API", "API\API.csproj", "{0C8EAE54-8FE0-4031-B8AD-FA3A7CDADA8E}"
EndProject
Project("{2150E333-8FDC-42A3-9474-1A3956D46DE8}") = "Bussiness", "Bussiness", "{55F01096-8E52-407F-9BFF-BF9523705481}"
EndProject
Project("{FAE04EC0-301F-11D3-BF4B-00C04F79EFBC}") = "LY.EF.Model", "LY.EF.Model\LY.EF.Model.csproj", "{21FB0591-AA97-4E1C-B789-1DE526CBE66D}"
EndProject
Project("{FAE04EC0-301F-11D3-BF4B-00C04F79EFBC}") = "LY.Bussiness.Interface", "LY.Bussiness.Interface\LY.Bussiness.Interface.csproj", "{EFB70D0B-C136-4017-961F-24F4CB83BD20}"
EndProject
Project("{FAE04EC0-301F-11D3-BF4B-00C04F79EFBC}") = "LY.Bussiness.Service", "LY.Bussiness.Service\LY.Bussiness.Service.csproj", "{5F40613F-CA2D-4756-A91F-A72A135F0289}"
EndProject
Project("{2150E333-8FDC-42A3-9474-1A3956D46DE8}") = "Client", "Client", "{E59E8A62-3EB3-4B4F-ADF5-0F91F3D10A2E}"
EndProject
Project("{2150E333-8FDC-42A3-9474-1A3956D46DE8}") = "Comman", "Comman", "{AC39265F-A3A9-4ECC-AA7C-572D9842DAA8}"
EndProject
Project("{FAE04EC0-301F-11D3-BF4B-00C04F79EFBC}") = "LY.Framework", "LY.Framework\LY.Framework.csproj", "{9BC7E35C-1975-441E-B0DC-68598C61101A}"
EndProject
Project("{FAE04EC0-301F-11D3-BF4B-00C04F79EFBC}") = "LY.Web.Core", "LY.Web.Core\LY.Web.Core.csproj", "{7AAAA29E-2903-4346-8506-D17156C4B6C7}"
EndProject
Project("{FAE04EC0-301F-11D3-BF4B-00C04F79EFBC}") = "LY.MVC", "LY.MVC\LY.MVC.csproj", "{3AFA32A8-ECBC-428F-AAA0-BE4F55D98977}"
EndProject
Project("{2150E333-8FDC-42A3-9474-1A3956D46DE8}") = "Demo", "Demo", "{E2F45819-4F99-463C-A9FB-1AA8DBE90EAA}"
EndProject
Project("{2150E333-8FDC-42A3-9474-1A3956D46DE8}") = "UploadFile", "UploadFile", "{61C0361D-3A27-4481-85DB-D1AB8966CB1B}"
EndProject
Project("{FAE04EC0-301F-11D3-BF4B-00C04F79EFBC}") = "LY.UploadFile.Iterface", "LY.UploadFile.Iterface\LY.UploadFile.Iterface.csproj", "{4C65C8EB-C565-4314-A0A2-9956DC01C49E}"
EndProject
Project("{FAE04EC0-301F-11D3-BF4B-00C04F79EFBC}") = "LY.UploadFile.Model", "LY.UploadFile.Model\LY.UploadFile.Model.csproj", "{C4FA0E99-BBCC-4883-A49A-20EB396F7347}"
EndProject
Project("{FAE04EC0-301F-11D3-BF4B-00C04F79EFBC}") = "LY.UploadFile.API", "LY.UploadFile.API\LY.UploadFile.API.csproj", "{FF570DD5-17E8-442E-892A-803B20CFC5FF}"
EndProject
Project("{FAE04EC0-301F-11D3-BF4B-00C04F79EFBC}") = "LY.UploadFile.Service", "LY.UploadFile.Service\LY.UploadFile.Service.csproj", "{10B3FC90-9FE6-4D11-8FEE-35BAADCA77A0}"
EndProject
Project("{FAE04EC0-301F-11D3-BF4B-00C04F79EFBC}") = "LY.Remote.Interface", "LY.Remote.Interface\LY.Remote.Interface.csproj", "{52550EB9-7BF0-4FD8-917C-103098232F22}"
EndProject
Project("{FAE04EC0-301F-11D3-BF4B-00C04F79EFBC}") = "LY.Remote.Service", "LY.Remote.Service\LY.Remote.Service.csproj", "{9894076A-D383-44EB-8875-7E8AAF798F77}"
EndProject
Project("{FAE04EC0-301F-11D3-BF4B-00C04F79EFBC}") = "LY.Remote.Model", "LY.Remote.Model\LY.Remote.Model.csproj", "{1E5A426F-F93B-4849-9AF0-AEC15E6D7EC7}"
EndProject
Project("{2150E333-8FDC-42A3-9474-1A3956D46DE8}") = "Test", "Test", "{095A1F55-E19B-4B94-BECC-B53E83795F19}"
EndProject
Project("{FAE04EC0-301F-11D3-BF4B-00C04F79EFBC}") = "LY.WCF", "LY.WCF\LY.WCF.csproj", "{E00D573A-084F-45A3-A586-8EBEF36C0DDD}"
EndProject
Project("{FAE04EC0-301F-11D3-BF4B-00C04F79EFBC}") = "LY.W_Service", "LY.W_Service\LY.W_Service.csproj", "{606213E2-89F3-4E69-97F1-A7CFE7D363F8}"
	ProjectSection(ProjectDependencies) = postProject
		{E00D573A-084F-45A3-A586-8EBEF36C0DDD} = {E00D573A-084F-45A3-A586-8EBEF36C0DDD}
	EndProjectSection
EndProject
Project("{FAE04EC0-301F-11D3-BF4B-00C04F79EFBC}") = "LY.WCF.Con", "LY.WCF.Con\LY.WCF.Con.csproj", "{45993AE3-EE77-497D-AF7D-A5D911648AD0}"
EndProject
Project("{2150E333-8FDC-42A3-9474-1A3956D46DE8}") = "JobQuartz", "JobQuartz", "{96FE25EB-1E18-4B35-88B8-D7EDCB7822A5}"
EndProject
Project("{FAE04EC0-301F-11D3-BF4B-00C04F79EFBC}") = "LY.JobQuartz", "LY.JobQuartz\LY.JobQuartz.csproj", "{9B8C1387-8B6D-4AEA-B39E-F2908E30C02A}"
EndProject
Project("{FAE04EC0-301F-11D3-BF4B-00C04F79EFBC}") = "LY.SuperWSocket.Console", "LY.SuperWSocket.Console\LY.SuperWSocket.Console.csproj", "{64470B1E-8091-43CE-8668-FD7297340C96}"
EndProject
Project("{FAE04EC0-301F-11D3-BF4B-00C04F79EFBC}") = "LY.Game", "LY.Game\LY.Game.csproj", "{9F4D35EC-22B3-45E3-A0D4-30BE4117688C}"
EndProject
Project("{FAE04EC0-301F-11D3-BF4B-00C04F79EFBC}") = "WindowsFormsApp1", "WindowsFormsApp1\WindowsFormsApp1.csproj", "{8E38ABB6-6EC9-44E2-A082-270A5377FB78}"
EndProject
Project("{FAE04EC0-301F-11D3-BF4B-00C04F79EFBC}") = "SQLSugar_X", "SQLSugar_X\SQLSugar_X.csproj", "{38D1A256-5EB0-4B2D-BBDD-F5EF03556DF1}"
EndProject
Project("{FAE04EC0-301F-11D3-BF4B-00C04F79EFBC}") = "RedisTest", "RedisTest\RedisTest.csproj", "{B6F27259-8BC4-4B03-968A-63F78DD5FA83}"
EndProject
Project("{FAE04EC0-301F-11D3-BF4B-00C04F79EFBC}") = "RedisTest_1", "RedisTest_1\RedisTest_1.csproj", "{19071344-6EC7-4004-BE6E-B3E64C056106}"
EndProject
Project("{FAE04EC0-301F-11D3-BF4B-00C04F79EFBC}") = "DemoJWT", "DemoJWT\DemoJWT.csproj", "{4D153E15-00FF-4D88-9F51-88BDAECCB9EC}"
EndProject
Project("{FAE04EC0-301F-11D3-BF4B-00C04F79EFBC}") = "WEBAPI2019725", "WEBAPI2019725\WEBAPI2019725.csproj", "{09C71B30-4347-4A5D-8B04-3D7ABD45711C}"
	ProjectSection(ProjectDependencies) = postProject
		{5C8BEDF9-48CE-4AAD-A34F-9B401560F30C} = {5C8BEDF9-48CE-4AAD-A34F-9B401560F30C}
	EndProjectSection
EndProject
Project("{FAE04EC0-301F-11D3-BF4B-00C04F79EFBC}") = "WcfService1", "WcfService1\WcfService1.csproj", "{5C8BEDF9-48CE-4AAD-A34F-9B401560F30C}"
EndProject
Project("{FAE04EC0-301F-11D3-BF4B-00C04F79EFBC}") = "WCF.IService", "WCF.IService\WCF.IService.csproj", "{79BD0E84-D5DA-4BD2-8125-A02C7FB4842B}"
EndProject
Project("{FAE04EC0-301F-11D3-BF4B-00C04F79EFBC}") = "WCF.Service", "WCF.Service\WCF.Service.csproj", "{766F533B-8D49-4C3F-A6DD-A66385E3CCB9}"
EndProject
Project("{FAE04EC0-301F-11D3-BF4B-00C04F79EFBC}") = "WCF.Model", "WCF.Model\WCF.Model.csproj", "{258284CC-6966-48AA-9EB2-7C8C3871D1FB}"
EndProject
Project("{FAE04EC0-301F-11D3-BF4B-00C04F79EFBC}") = "WcfNetFrameWorkConsonle", "WcfNetFrameWorkConsonle\WcfNetFrameWorkConsonle.csproj", "{C090117C-6F90-48E0-A2BF-75F5A7DDE6CC}"
EndProject
Project("{2150E333-8FDC-42A3-9474-1A3956D46DE8}") = "WCF2019", "WCF2019", "{068C093F-5D14-46E0-B394-25D1102BB082}"
EndProject
Project("{FAE04EC0-301F-11D3-BF4B-00C04F79EFBC}") = "WCF.ICallback", "WCF.ICallback\WCF.ICallback.csproj", "{504C35DE-5580-4C38-9CDE-D7F430EE8E37}"
EndProject
Project("{9A19103F-16F7-4668-BE54-9A1E7A4F7556}") = "AspNetCoreDemoLong", "AspNetCoreDemoLong\AspNetCoreDemoLong.csproj", "{6B6B4863-BA8A-4E87-8CC9-056676925EFA}"
EndProject
Project("{2150E333-8FDC-42A3-9474-1A3956D46DE8}") = "CoreAPI_JWT_SSO", "CoreAPI_JWT_SSO", "{498C3797-E1A1-45FE-8F96-3D4E5469820B}"
EndProject
Project("{9A19103F-16F7-4668-BE54-9A1E7A4F7556}") = "coreweb_sso_0_auth_center", "coreweb\coreweb_sso_0_auth_center.csproj", "{81ABA0ED-B508-4172-A3A2-C508F6287B93}"
EndProject
Project("{9A19103F-16F7-4668-BE54-9A1E7A4F7556}") = "coreweb_sso_1", "coreweb1\coreweb_sso_1.csproj", "{33862ED9-BD61-40A2-B6FE-31B47FCAEDD5}"
EndProject
Project("{9A19103F-16F7-4668-BE54-9A1E7A4F7556}") = "coreweb_sso_2", "coreweb2\coreweb_sso_2.csproj", "{1E852553-1F77-47A9-81FF-022017C41642}"
EndProject
Project("{2150E333-8FDC-42A3-9474-1A3956D46DE8}") = "文档", "文档", "{6C0FB0F1-224D-4D4C-93F9-5A92FD567440}"
EndProject
Project("{9A19103F-16F7-4668-BE54-9A1E7A4F7556}") = "wd", "wd\wd.csproj", "{6A8CC8F2-B7C4-4A7B-93CA-0DBCADA21FC8}"
EndProject
Project("{9A19103F-16F7-4668-BE54-9A1E7A4F7556}") = "coreapi_sso_auth_center", "coreapi\coreapi_sso_auth_center.csproj", "{3C5661BD-EDDA-4008-8DBB-18A7A4E7EAF0}"
EndProject
Project("{FAE04EC0-301F-11D3-BF4B-00C04F79EFBC}") = "mv_my_ms", "mv_my_ms\mv_my_ms.csproj", "{82D5D693-5C3A-4EC9-93E2-36EE5E1C4F72}"
EndProject
Project("{9A19103F-16F7-4668-BE54-9A1E7A4F7556}") = "web_websocket", "web_websocket\web_websocket.csproj", "{198984A4-BA93-4449-9AB5-0E72476AA9E3}"
EndProject
Project("{FAE04EC0-301F-11D3-BF4B-00C04F79EFBC}") = "webapi_websocket", "webapi_websocket\webapi_websocket.csproj", "{DB170A5A-5CB6-4AD0-99A1-20815D150CC2}"
EndProject
Project("{54435603-DBB4-11D2-8724-00A0C9A8B90C}") = "PackageInstaller", "PackageInstaller\PackageInstaller.vdproj", "{4A9C28A2-88C5-4D0A-88C9-C3E632D29FA7}"
EndProject
Project("{FAE04EC0-301F-11D3-BF4B-00C04F79EFBC}") = "Disk", "Disk\Disk.csproj", "{37411747-8399-480D-950C-76C477F8698B}"
EndProject
Project("{54435603-DBB4-11D2-8724-00A0C9A8B90C}") = "SetupDisk", "SetupDisk\SetupDisk.vdproj", "{84D27970-59BF-4A9D-8F8D-A884D7073DFD}"
EndProject
Project("{FAE04EC0-301F-11D3-BF4B-00C04F79EFBC}") = "mongo _Console", "ConsoleApp1\mongo _Console.csproj", "{BA4731F9-8682-46E6-AD2B-56CFA4D7110B}"
EndProject
Project("{FAE04EC0-301F-11D3-BF4B-00C04F79EFBC}") = "WcfService2", "WcfService2\WcfService2.csproj", "{72535FA6-0046-4D38-B42A-D6790355F533}"
EndProject
Project("{9A19103F-16F7-4668-BE54-9A1E7A4F7556}") = "mongo_log", "mongo_log\mongo_log.csproj", "{C27868FD-C1B0-4724-B697-01752A4CB6A1}"
EndProject
Project("{54435603-DBB4-11D2-8724-00A0C9A8B90C}") = "Setup20201117", "Setup20201117\Setup20201117.vdproj", "{425283E5-9222-4CEE-8BA2-57A8F56E0A62}"
EndProject
Project("{2150E333-8FDC-42A3-9474-1A3956D46DE8}") = "RabbitMQ", "RabbitMQ", "{D9C20DC4-DE1E-40B0-B53B-FE1FAF8A1A1A}"
EndProject
Project("{9A19103F-16F7-4668-BE54-9A1E7A4F7556}") = "RMQProducter", "RMQProducter\RMQProducter.csproj", "{60407488-04CD-4F90-BFE6-19491D919D91}"
EndProject
Project("{9A19103F-16F7-4668-BE54-9A1E7A4F7556}") = "RMQ", "RMQ\RMQ.csproj", "{499AA438-B226-46C2-8458-1F44BAA135A4}"
EndProject
Project("{9A19103F-16F7-4668-BE54-9A1E7A4F7556}") = "RMQCustomer", "RMQCustomer\RMQCustomer.csproj", "{5126801B-079F-4364-AD86-C2BB3155DD62}"
EndProject
Global
	GlobalSection(SolutionConfigurationPlatforms) = preSolution
		Debug|Any CPU = Debug|Any CPU
		Debug|ARM = Debug|ARM
		Debug|ARM64 = Debug|ARM64
		Debug|x64 = Debug|x64
		Debug|x86 = Debug|x86
		Release|Any CPU = Release|Any CPU
		Release|ARM = Release|ARM
		Release|ARM64 = Release|ARM64
		Release|x64 = Release|x64
		Release|x86 = Release|x86
	EndGlobalSection
	GlobalSection(ProjectConfigurationPlatforms) = postSolution
		{0C8EAE54-8FE0-4031-B8AD-FA3A7CDADA8E}.Debug|Any CPU.ActiveCfg = Debug|Any CPU
		{0C8EAE54-8FE0-4031-B8AD-FA3A7CDADA8E}.Debug|Any CPU.Build.0 = Debug|Any CPU
		{0C8EAE54-8FE0-4031-B8AD-FA3A7CDADA8E}.Debug|ARM.ActiveCfg = Debug|Any CPU
		{0C8EAE54-8FE0-4031-B8AD-FA3A7CDADA8E}.Debug|ARM.Build.0 = Debug|Any CPU
		{0C8EAE54-8FE0-4031-B8AD-FA3A7CDADA8E}.Debug|ARM64.ActiveCfg = Debug|Any CPU
		{0C8EAE54-8FE0-4031-B8AD-FA3A7CDADA8E}.Debug|ARM64.Build.0 = Debug|Any CPU
		{0C8EAE54-8FE0-4031-B8AD-FA3A7CDADA8E}.Debug|x64.ActiveCfg = Debug|Any CPU
		{0C8EAE54-8FE0-4031-B8AD-FA3A7CDADA8E}.Debug|x64.Build.0 = Debug|Any CPU
		{0C8EAE54-8FE0-4031-B8AD-FA3A7CDADA8E}.Debug|x86.ActiveCfg = Debug|Any CPU
		{0C8EAE54-8FE0-4031-B8AD-FA3A7CDADA8E}.Debug|x86.Build.0 = Debug|Any CPU
		{0C8EAE54-8FE0-4031-B8AD-FA3A7CDADA8E}.Release|Any CPU.ActiveCfg = Release|Any CPU
		{0C8EAE54-8FE0-4031-B8AD-FA3A7CDADA8E}.Release|Any CPU.Build.0 = Release|Any CPU
		{0C8EAE54-8FE0-4031-B8AD-FA3A7CDADA8E}.Release|ARM.ActiveCfg = Release|Any CPU
		{0C8EAE54-8FE0-4031-B8AD-FA3A7CDADA8E}.Release|ARM.Build.0 = Release|Any CPU
		{0C8EAE54-8FE0-4031-B8AD-FA3A7CDADA8E}.Release|ARM64.ActiveCfg = Release|Any CPU
		{0C8EAE54-8FE0-4031-B8AD-FA3A7CDADA8E}.Release|ARM64.Build.0 = Release|Any CPU
		{0C8EAE54-8FE0-4031-B8AD-FA3A7CDADA8E}.Release|x64.ActiveCfg = Release|Any CPU
		{0C8EAE54-8FE0-4031-B8AD-FA3A7CDADA8E}.Release|x64.Build.0 = Release|Any CPU
		{0C8EAE54-8FE0-4031-B8AD-FA3A7CDADA8E}.Release|x86.ActiveCfg = Release|Any CPU
		{0C8EAE54-8FE0-4031-B8AD-FA3A7CDADA8E}.Release|x86.Build.0 = Release|Any CPU
		{21FB0591-AA97-4E1C-B789-1DE526CBE66D}.Debug|Any CPU.ActiveCfg = Debug|Any CPU
		{21FB0591-AA97-4E1C-B789-1DE526CBE66D}.Debug|Any CPU.Build.0 = Debug|Any CPU
		{21FB0591-AA97-4E1C-B789-1DE526CBE66D}.Debug|ARM.ActiveCfg = Debug|Any CPU
		{21FB0591-AA97-4E1C-B789-1DE526CBE66D}.Debug|ARM.Build.0 = Debug|Any CPU
		{21FB0591-AA97-4E1C-B789-1DE526CBE66D}.Debug|ARM64.ActiveCfg = Debug|Any CPU
		{21FB0591-AA97-4E1C-B789-1DE526CBE66D}.Debug|ARM64.Build.0 = Debug|Any CPU
		{21FB0591-AA97-4E1C-B789-1DE526CBE66D}.Debug|x64.ActiveCfg = Debug|Any CPU
		{21FB0591-AA97-4E1C-B789-1DE526CBE66D}.Debug|x64.Build.0 = Debug|Any CPU
		{21FB0591-AA97-4E1C-B789-1DE526CBE66D}.Debug|x86.ActiveCfg = Debug|Any CPU
		{21FB0591-AA97-4E1C-B789-1DE526CBE66D}.Debug|x86.Build.0 = Debug|Any CPU
		{21FB0591-AA97-4E1C-B789-1DE526CBE66D}.Release|Any CPU.ActiveCfg = Release|Any CPU
		{21FB0591-AA97-4E1C-B789-1DE526CBE66D}.Release|Any CPU.Build.0 = Release|Any CPU
		{21FB0591-AA97-4E1C-B789-1DE526CBE66D}.Release|ARM.ActiveCfg = Release|Any CPU
		{21FB0591-AA97-4E1C-B789-1DE526CBE66D}.Release|ARM.Build.0 = Release|Any CPU
		{21FB0591-AA97-4E1C-B789-1DE526CBE66D}.Release|ARM64.ActiveCfg = Release|Any CPU
		{21FB0591-AA97-4E1C-B789-1DE526CBE66D}.Release|ARM64.Build.0 = Release|Any CPU
		{21FB0591-AA97-4E1C-B789-1DE526CBE66D}.Release|x64.ActiveCfg = Release|Any CPU
		{21FB0591-AA97-4E1C-B789-1DE526CBE66D}.Release|x64.Build.0 = Release|Any CPU
		{21FB0591-AA97-4E1C-B789-1DE526CBE66D}.Release|x86.ActiveCfg = Release|Any CPU
		{21FB0591-AA97-4E1C-B789-1DE526CBE66D}.Release|x86.Build.0 = Release|Any CPU
		{EFB70D0B-C136-4017-961F-24F4CB83BD20}.Debug|Any CPU.ActiveCfg = Debug|Any CPU
		{EFB70D0B-C136-4017-961F-24F4CB83BD20}.Debug|Any CPU.Build.0 = Debug|Any CPU
		{EFB70D0B-C136-4017-961F-24F4CB83BD20}.Debug|ARM.ActiveCfg = Debug|Any CPU
		{EFB70D0B-C136-4017-961F-24F4CB83BD20}.Debug|ARM.Build.0 = Debug|Any CPU
		{EFB70D0B-C136-4017-961F-24F4CB83BD20}.Debug|ARM64.ActiveCfg = Debug|Any CPU
		{EFB70D0B-C136-4017-961F-24F4CB83BD20}.Debug|ARM64.Build.0 = Debug|Any CPU
		{EFB70D0B-C136-4017-961F-24F4CB83BD20}.Debug|x64.ActiveCfg = Debug|Any CPU
		{EFB70D0B-C136-4017-961F-24F4CB83BD20}.Debug|x64.Build.0 = Debug|Any CPU
		{EFB70D0B-C136-4017-961F-24F4CB83BD20}.Debug|x86.ActiveCfg = Debug|Any CPU
		{EFB70D0B-C136-4017-961F-24F4CB83BD20}.Debug|x86.Build.0 = Debug|Any CPU
		{EFB70D0B-C136-4017-961F-24F4CB83BD20}.Release|Any CPU.ActiveCfg = Release|Any CPU
		{EFB70D0B-C136-4017-961F-24F4CB83BD20}.Release|Any CPU.Build.0 = Release|Any CPU
		{EFB70D0B-C136-4017-961F-24F4CB83BD20}.Release|ARM.ActiveCfg = Release|Any CPU
		{EFB70D0B-C136-4017-961F-24F4CB83BD20}.Release|ARM.Build.0 = Release|Any CPU
		{EFB70D0B-C136-4017-961F-24F4CB83BD20}.Release|ARM64.ActiveCfg = Release|Any CPU
		{EFB70D0B-C136-4017-961F-24F4CB83BD20}.Release|ARM64.Build.0 = Release|Any CPU
		{EFB70D0B-C136-4017-961F-24F4CB83BD20}.Release|x64.ActiveCfg = Release|Any CPU
		{EFB70D0B-C136-4017-961F-24F4CB83BD20}.Release|x64.Build.0 = Release|Any CPU
		{EFB70D0B-C136-4017-961F-24F4CB83BD20}.Release|x86.ActiveCfg = Release|Any CPU
		{EFB70D0B-C136-4017-961F-24F4CB83BD20}.Release|x86.Build.0 = Release|Any CPU
		{5F40613F-CA2D-4756-A91F-A72A135F0289}.Debug|Any CPU.ActiveCfg = Debug|Any CPU
		{5F40613F-CA2D-4756-A91F-A72A135F0289}.Debug|Any CPU.Build.0 = Debug|Any CPU
		{5F40613F-CA2D-4756-A91F-A72A135F0289}.Debug|ARM.ActiveCfg = Debug|Any CPU
		{5F40613F-CA2D-4756-A91F-A72A135F0289}.Debug|ARM.Build.0 = Debug|Any CPU
		{5F40613F-CA2D-4756-A91F-A72A135F0289}.Debug|ARM64.ActiveCfg = Debug|Any CPU
		{5F40613F-CA2D-4756-A91F-A72A135F0289}.Debug|ARM64.Build.0 = Debug|Any CPU
		{5F40613F-CA2D-4756-A91F-A72A135F0289}.Debug|x64.ActiveCfg = Debug|Any CPU
		{5F40613F-CA2D-4756-A91F-A72A135F0289}.Debug|x64.Build.0 = Debug|Any CPU
		{5F40613F-CA2D-4756-A91F-A72A135F0289}.Debug|x86.ActiveCfg = Debug|Any CPU
		{5F40613F-CA2D-4756-A91F-A72A135F0289}.Debug|x86.Build.0 = Debug|Any CPU
		{5F40613F-CA2D-4756-A91F-A72A135F0289}.Release|Any CPU.ActiveCfg = Release|Any CPU
		{5F40613F-CA2D-4756-A91F-A72A135F0289}.Release|Any CPU.Build.0 = Release|Any CPU
		{5F40613F-CA2D-4756-A91F-A72A135F0289}.Release|ARM.ActiveCfg = Release|Any CPU
		{5F40613F-CA2D-4756-A91F-A72A135F0289}.Release|ARM.Build.0 = Release|Any CPU
		{5F40613F-CA2D-4756-A91F-A72A135F0289}.Release|ARM64.ActiveCfg = Release|Any CPU
		{5F40613F-CA2D-4756-A91F-A72A135F0289}.Release|ARM64.Build.0 = Release|Any CPU
		{5F40613F-CA2D-4756-A91F-A72A135F0289}.Release|x64.ActiveCfg = Release|Any CPU
		{5F40613F-CA2D-4756-A91F-A72A135F0289}.Release|x64.Build.0 = Release|Any CPU
		{5F40613F-CA2D-4756-A91F-A72A135F0289}.Release|x86.ActiveCfg = Release|Any CPU
		{5F40613F-CA2D-4756-A91F-A72A135F0289}.Release|x86.Build.0 = Release|Any CPU
		{9BC7E35C-1975-441E-B0DC-68598C61101A}.Debug|Any CPU.ActiveCfg = Debug|Any CPU
		{9BC7E35C-1975-441E-B0DC-68598C61101A}.Debug|Any CPU.Build.0 = Debug|Any CPU
		{9BC7E35C-1975-441E-B0DC-68598C61101A}.Debug|ARM.ActiveCfg = Debug|Any CPU
		{9BC7E35C-1975-441E-B0DC-68598C61101A}.Debug|ARM.Build.0 = Debug|Any CPU
		{9BC7E35C-1975-441E-B0DC-68598C61101A}.Debug|ARM64.ActiveCfg = Debug|Any CPU
		{9BC7E35C-1975-441E-B0DC-68598C61101A}.Debug|ARM64.Build.0 = Debug|Any CPU
		{9BC7E35C-1975-441E-B0DC-68598C61101A}.Debug|x64.ActiveCfg = Debug|Any CPU
		{9BC7E35C-1975-441E-B0DC-68598C61101A}.Debug|x64.Build.0 = Debug|Any CPU
		{9BC7E35C-1975-441E-B0DC-68598C61101A}.Debug|x86.ActiveCfg = Debug|Any CPU
		{9BC7E35C-1975-441E-B0DC-68598C61101A}.Debug|x86.Build.0 = Debug|Any CPU
		{9BC7E35C-1975-441E-B0DC-68598C61101A}.Release|Any CPU.ActiveCfg = Release|Any CPU
		{9BC7E35C-1975-441E-B0DC-68598C61101A}.Release|Any CPU.Build.0 = Release|Any CPU
		{9BC7E35C-1975-441E-B0DC-68598C61101A}.Release|ARM.ActiveCfg = Release|Any CPU
		{9BC7E35C-1975-441E-B0DC-68598C61101A}.Release|ARM.Build.0 = Release|Any CPU
		{9BC7E35C-1975-441E-B0DC-68598C61101A}.Release|ARM64.ActiveCfg = Release|Any CPU
		{9BC7E35C-1975-441E-B0DC-68598C61101A}.Release|ARM64.Build.0 = Release|Any CPU
		{9BC7E35C-1975-441E-B0DC-68598C61101A}.Release|x64.ActiveCfg = Release|Any CPU
		{9BC7E35C-1975-441E-B0DC-68598C61101A}.Release|x64.Build.0 = Release|Any CPU
		{9BC7E35C-1975-441E-B0DC-68598C61101A}.Release|x86.ActiveCfg = Release|Any CPU
		{9BC7E35C-1975-441E-B0DC-68598C61101A}.Release|x86.Build.0 = Release|Any CPU
		{7AAAA29E-2903-4346-8506-D17156C4B6C7}.Debug|Any CPU.ActiveCfg = Debug|Any CPU
		{7AAAA29E-2903-4346-8506-D17156C4B6C7}.Debug|Any CPU.Build.0 = Debug|Any CPU
		{7AAAA29E-2903-4346-8506-D17156C4B6C7}.Debug|ARM.ActiveCfg = Debug|Any CPU
		{7AAAA29E-2903-4346-8506-D17156C4B6C7}.Debug|ARM.Build.0 = Debug|Any CPU
		{7AAAA29E-2903-4346-8506-D17156C4B6C7}.Debug|ARM64.ActiveCfg = Debug|Any CPU
		{7AAAA29E-2903-4346-8506-D17156C4B6C7}.Debug|ARM64.Build.0 = Debug|Any CPU
		{7AAAA29E-2903-4346-8506-D17156C4B6C7}.Debug|x64.ActiveCfg = Debug|Any CPU
		{7AAAA29E-2903-4346-8506-D17156C4B6C7}.Debug|x64.Build.0 = Debug|Any CPU
		{7AAAA29E-2903-4346-8506-D17156C4B6C7}.Debug|x86.ActiveCfg = Debug|Any CPU
		{7AAAA29E-2903-4346-8506-D17156C4B6C7}.Debug|x86.Build.0 = Debug|Any CPU
		{7AAAA29E-2903-4346-8506-D17156C4B6C7}.Release|Any CPU.ActiveCfg = Release|Any CPU
		{7AAAA29E-2903-4346-8506-D17156C4B6C7}.Release|Any CPU.Build.0 = Release|Any CPU
		{7AAAA29E-2903-4346-8506-D17156C4B6C7}.Release|ARM.ActiveCfg = Release|Any CPU
		{7AAAA29E-2903-4346-8506-D17156C4B6C7}.Release|ARM.Build.0 = Release|Any CPU
		{7AAAA29E-2903-4346-8506-D17156C4B6C7}.Release|ARM64.ActiveCfg = Release|Any CPU
		{7AAAA29E-2903-4346-8506-D17156C4B6C7}.Release|ARM64.Build.0 = Release|Any CPU
		{7AAAA29E-2903-4346-8506-D17156C4B6C7}.Release|x64.ActiveCfg = Release|Any CPU
		{7AAAA29E-2903-4346-8506-D17156C4B6C7}.Release|x64.Build.0 = Release|Any CPU
		{7AAAA29E-2903-4346-8506-D17156C4B6C7}.Release|x86.ActiveCfg = Release|Any CPU
		{7AAAA29E-2903-4346-8506-D17156C4B6C7}.Release|x86.Build.0 = Release|Any CPU
		{3AFA32A8-ECBC-428F-AAA0-BE4F55D98977}.Debug|Any CPU.ActiveCfg = Debug|Any CPU
		{3AFA32A8-ECBC-428F-AAA0-BE4F55D98977}.Debug|Any CPU.Build.0 = Debug|Any CPU
		{3AFA32A8-ECBC-428F-AAA0-BE4F55D98977}.Debug|ARM.ActiveCfg = Debug|Any CPU
		{3AFA32A8-ECBC-428F-AAA0-BE4F55D98977}.Debug|ARM.Build.0 = Debug|Any CPU
		{3AFA32A8-ECBC-428F-AAA0-BE4F55D98977}.Debug|ARM64.ActiveCfg = Debug|Any CPU
		{3AFA32A8-ECBC-428F-AAA0-BE4F55D98977}.Debug|ARM64.Build.0 = Debug|Any CPU
		{3AFA32A8-ECBC-428F-AAA0-BE4F55D98977}.Debug|x64.ActiveCfg = Debug|Any CPU
		{3AFA32A8-ECBC-428F-AAA0-BE4F55D98977}.Debug|x64.Build.0 = Debug|Any CPU
		{3AFA32A8-ECBC-428F-AAA0-BE4F55D98977}.Debug|x86.ActiveCfg = Debug|Any CPU
		{3AFA32A8-ECBC-428F-AAA0-BE4F55D98977}.Debug|x86.Build.0 = Debug|Any CPU
		{3AFA32A8-ECBC-428F-AAA0-BE4F55D98977}.Release|Any CPU.ActiveCfg = Release|Any CPU
		{3AFA32A8-ECBC-428F-AAA0-BE4F55D98977}.Release|Any CPU.Build.0 = Release|Any CPU
		{3AFA32A8-ECBC-428F-AAA0-BE4F55D98977}.Release|ARM.ActiveCfg = Release|Any CPU
		{3AFA32A8-ECBC-428F-AAA0-BE4F55D98977}.Release|ARM.Build.0 = Release|Any CPU
		{3AFA32A8-ECBC-428F-AAA0-BE4F55D98977}.Release|ARM64.ActiveCfg = Release|Any CPU
		{3AFA32A8-ECBC-428F-AAA0-BE4F55D98977}.Release|ARM64.Build.0 = Release|Any CPU
		{3AFA32A8-ECBC-428F-AAA0-BE4F55D98977}.Release|x64.ActiveCfg = Release|Any CPU
		{3AFA32A8-ECBC-428F-AAA0-BE4F55D98977}.Release|x64.Build.0 = Release|Any CPU
		{3AFA32A8-ECBC-428F-AAA0-BE4F55D98977}.Release|x86.ActiveCfg = Release|Any CPU
		{3AFA32A8-ECBC-428F-AAA0-BE4F55D98977}.Release|x86.Build.0 = Release|Any CPU
		{4C65C8EB-C565-4314-A0A2-9956DC01C49E}.Debug|Any CPU.ActiveCfg = Debug|Any CPU
		{4C65C8EB-C565-4314-A0A2-9956DC01C49E}.Debug|Any CPU.Build.0 = Debug|Any CPU
		{4C65C8EB-C565-4314-A0A2-9956DC01C49E}.Debug|ARM.ActiveCfg = Debug|Any CPU
		{4C65C8EB-C565-4314-A0A2-9956DC01C49E}.Debug|ARM.Build.0 = Debug|Any CPU
		{4C65C8EB-C565-4314-A0A2-9956DC01C49E}.Debug|ARM64.ActiveCfg = Debug|Any CPU
		{4C65C8EB-C565-4314-A0A2-9956DC01C49E}.Debug|ARM64.Build.0 = Debug|Any CPU
		{4C65C8EB-C565-4314-A0A2-9956DC01C49E}.Debug|x64.ActiveCfg = Debug|Any CPU
		{4C65C8EB-C565-4314-A0A2-9956DC01C49E}.Debug|x64.Build.0 = Debug|Any CPU
		{4C65C8EB-C565-4314-A0A2-9956DC01C49E}.Debug|x86.ActiveCfg = Debug|Any CPU
		{4C65C8EB-C565-4314-A0A2-9956DC01C49E}.Debug|x86.Build.0 = Debug|Any CPU
		{4C65C8EB-C565-4314-A0A2-9956DC01C49E}.Release|Any CPU.ActiveCfg = Release|Any CPU
		{4C65C8EB-C565-4314-A0A2-9956DC01C49E}.Release|Any CPU.Build.0 = Release|Any CPU
		{4C65C8EB-C565-4314-A0A2-9956DC01C49E}.Release|ARM.ActiveCfg = Release|Any CPU
		{4C65C8EB-C565-4314-A0A2-9956DC01C49E}.Release|ARM.Build.0 = Release|Any CPU
		{4C65C8EB-C565-4314-A0A2-9956DC01C49E}.Release|ARM64.ActiveCfg = Release|Any CPU
		{4C65C8EB-C565-4314-A0A2-9956DC01C49E}.Release|ARM64.Build.0 = Release|Any CPU
		{4C65C8EB-C565-4314-A0A2-9956DC01C49E}.Release|x64.ActiveCfg = Release|Any CPU
		{4C65C8EB-C565-4314-A0A2-9956DC01C49E}.Release|x64.Build.0 = Release|Any CPU
		{4C65C8EB-C565-4314-A0A2-9956DC01C49E}.Release|x86.ActiveCfg = Release|Any CPU
		{4C65C8EB-C565-4314-A0A2-9956DC01C49E}.Release|x86.Build.0 = Release|Any CPU
		{C4FA0E99-BBCC-4883-A49A-20EB396F7347}.Debug|Any CPU.ActiveCfg = Debug|Any CPU
		{C4FA0E99-BBCC-4883-A49A-20EB396F7347}.Debug|Any CPU.Build.0 = Debug|Any CPU
		{C4FA0E99-BBCC-4883-A49A-20EB396F7347}.Debug|ARM.ActiveCfg = Debug|Any CPU
		{C4FA0E99-BBCC-4883-A49A-20EB396F7347}.Debug|ARM.Build.0 = Debug|Any CPU
		{C4FA0E99-BBCC-4883-A49A-20EB396F7347}.Debug|ARM64.ActiveCfg = Debug|Any CPU
		{C4FA0E99-BBCC-4883-A49A-20EB396F7347}.Debug|ARM64.Build.0 = Debug|Any CPU
		{C4FA0E99-BBCC-4883-A49A-20EB396F7347}.Debug|x64.ActiveCfg = Debug|Any CPU
		{C4FA0E99-BBCC-4883-A49A-20EB396F7347}.Debug|x64.Build.0 = Debug|Any CPU
		{C4FA0E99-BBCC-4883-A49A-20EB396F7347}.Debug|x86.ActiveCfg = Debug|Any CPU
		{C4FA0E99-BBCC-4883-A49A-20EB396F7347}.Debug|x86.Build.0 = Debug|Any CPU
		{C4FA0E99-BBCC-4883-A49A-20EB396F7347}.Release|Any CPU.ActiveCfg = Release|Any CPU
		{C4FA0E99-BBCC-4883-A49A-20EB396F7347}.Release|Any CPU.Build.0 = Release|Any CPU
		{C4FA0E99-BBCC-4883-A49A-20EB396F7347}.Release|ARM.ActiveCfg = Release|Any CPU
		{C4FA0E99-BBCC-4883-A49A-20EB396F7347}.Release|ARM.Build.0 = Release|Any CPU
		{C4FA0E99-BBCC-4883-A49A-20EB396F7347}.Release|ARM64.ActiveCfg = Release|Any CPU
		{C4FA0E99-BBCC-4883-A49A-20EB396F7347}.Release|ARM64.Build.0 = Release|Any CPU
		{C4FA0E99-BBCC-4883-A49A-20EB396F7347}.Release|x64.ActiveCfg = Release|Any CPU
		{C4FA0E99-BBCC-4883-A49A-20EB396F7347}.Release|x64.Build.0 = Release|Any CPU
		{C4FA0E99-BBCC-4883-A49A-20EB396F7347}.Release|x86.ActiveCfg = Release|Any CPU
		{C4FA0E99-BBCC-4883-A49A-20EB396F7347}.Release|x86.Build.0 = Release|Any CPU
		{FF570DD5-17E8-442E-892A-803B20CFC5FF}.Debug|Any CPU.ActiveCfg = Debug|Any CPU
		{FF570DD5-17E8-442E-892A-803B20CFC5FF}.Debug|Any CPU.Build.0 = Debug|Any CPU
		{FF570DD5-17E8-442E-892A-803B20CFC5FF}.Debug|ARM.ActiveCfg = Debug|Any CPU
		{FF570DD5-17E8-442E-892A-803B20CFC5FF}.Debug|ARM.Build.0 = Debug|Any CPU
		{FF570DD5-17E8-442E-892A-803B20CFC5FF}.Debug|ARM64.ActiveCfg = Debug|Any CPU
		{FF570DD5-17E8-442E-892A-803B20CFC5FF}.Debug|ARM64.Build.0 = Debug|Any CPU
		{FF570DD5-17E8-442E-892A-803B20CFC5FF}.Debug|x64.ActiveCfg = Debug|Any CPU
		{FF570DD5-17E8-442E-892A-803B20CFC5FF}.Debug|x64.Build.0 = Debug|Any CPU
		{FF570DD5-17E8-442E-892A-803B20CFC5FF}.Debug|x86.ActiveCfg = Debug|Any CPU
		{FF570DD5-17E8-442E-892A-803B20CFC5FF}.Debug|x86.Build.0 = Debug|Any CPU
		{FF570DD5-17E8-442E-892A-803B20CFC5FF}.Release|Any CPU.ActiveCfg = Release|Any CPU
		{FF570DD5-17E8-442E-892A-803B20CFC5FF}.Release|Any CPU.Build.0 = Release|Any CPU
		{FF570DD5-17E8-442E-892A-803B20CFC5FF}.Release|ARM.ActiveCfg = Release|Any CPU
		{FF570DD5-17E8-442E-892A-803B20CFC5FF}.Release|ARM.Build.0 = Release|Any CPU
		{FF570DD5-17E8-442E-892A-803B20CFC5FF}.Release|ARM64.ActiveCfg = Release|Any CPU
		{FF570DD5-17E8-442E-892A-803B20CFC5FF}.Release|ARM64.Build.0 = Release|Any CPU
		{FF570DD5-17E8-442E-892A-803B20CFC5FF}.Release|x64.ActiveCfg = Release|Any CPU
		{FF570DD5-17E8-442E-892A-803B20CFC5FF}.Release|x64.Build.0 = Release|Any CPU
		{FF570DD5-17E8-442E-892A-803B20CFC5FF}.Release|x86.ActiveCfg = Release|Any CPU
		{FF570DD5-17E8-442E-892A-803B20CFC5FF}.Release|x86.Build.0 = Release|Any CPU
		{10B3FC90-9FE6-4D11-8FEE-35BAADCA77A0}.Debug|Any CPU.ActiveCfg = Debug|Any CPU
		{10B3FC90-9FE6-4D11-8FEE-35BAADCA77A0}.Debug|Any CPU.Build.0 = Debug|Any CPU
		{10B3FC90-9FE6-4D11-8FEE-35BAADCA77A0}.Debug|ARM.ActiveCfg = Debug|Any CPU
		{10B3FC90-9FE6-4D11-8FEE-35BAADCA77A0}.Debug|ARM.Build.0 = Debug|Any CPU
		{10B3FC90-9FE6-4D11-8FEE-35BAADCA77A0}.Debug|ARM64.ActiveCfg = Debug|Any CPU
		{10B3FC90-9FE6-4D11-8FEE-35BAADCA77A0}.Debug|ARM64.Build.0 = Debug|Any CPU
		{10B3FC90-9FE6-4D11-8FEE-35BAADCA77A0}.Debug|x64.ActiveCfg = Debug|Any CPU
		{10B3FC90-9FE6-4D11-8FEE-35BAADCA77A0}.Debug|x64.Build.0 = Debug|Any CPU
		{10B3FC90-9FE6-4D11-8FEE-35BAADCA77A0}.Debug|x86.ActiveCfg = Debug|Any CPU
		{10B3FC90-9FE6-4D11-8FEE-35BAADCA77A0}.Debug|x86.Build.0 = Debug|Any CPU
		{10B3FC90-9FE6-4D11-8FEE-35BAADCA77A0}.Release|Any CPU.ActiveCfg = Release|Any CPU
		{10B3FC90-9FE6-4D11-8FEE-35BAADCA77A0}.Release|Any CPU.Build.0 = Release|Any CPU
		{10B3FC90-9FE6-4D11-8FEE-35BAADCA77A0}.Release|ARM.ActiveCfg = Release|Any CPU
		{10B3FC90-9FE6-4D11-8FEE-35BAADCA77A0}.Release|ARM.Build.0 = Release|Any CPU
		{10B3FC90-9FE6-4D11-8FEE-35BAADCA77A0}.Release|ARM64.ActiveCfg = Release|Any CPU
		{10B3FC90-9FE6-4D11-8FEE-35BAADCA77A0}.Release|ARM64.Build.0 = Release|Any CPU
		{10B3FC90-9FE6-4D11-8FEE-35BAADCA77A0}.Release|x64.ActiveCfg = Release|Any CPU
		{10B3FC90-9FE6-4D11-8FEE-35BAADCA77A0}.Release|x64.Build.0 = Release|Any CPU
		{10B3FC90-9FE6-4D11-8FEE-35BAADCA77A0}.Release|x86.ActiveCfg = Release|Any CPU
		{10B3FC90-9FE6-4D11-8FEE-35BAADCA77A0}.Release|x86.Build.0 = Release|Any CPU
		{52550EB9-7BF0-4FD8-917C-103098232F22}.Debug|Any CPU.ActiveCfg = Debug|Any CPU
		{52550EB9-7BF0-4FD8-917C-103098232F22}.Debug|Any CPU.Build.0 = Debug|Any CPU
		{52550EB9-7BF0-4FD8-917C-103098232F22}.Debug|ARM.ActiveCfg = Debug|Any CPU
		{52550EB9-7BF0-4FD8-917C-103098232F22}.Debug|ARM.Build.0 = Debug|Any CPU
		{52550EB9-7BF0-4FD8-917C-103098232F22}.Debug|ARM64.ActiveCfg = Debug|Any CPU
		{52550EB9-7BF0-4FD8-917C-103098232F22}.Debug|ARM64.Build.0 = Debug|Any CPU
		{52550EB9-7BF0-4FD8-917C-103098232F22}.Debug|x64.ActiveCfg = Debug|Any CPU
		{52550EB9-7BF0-4FD8-917C-103098232F22}.Debug|x64.Build.0 = Debug|Any CPU
		{52550EB9-7BF0-4FD8-917C-103098232F22}.Debug|x86.ActiveCfg = Debug|Any CPU
		{52550EB9-7BF0-4FD8-917C-103098232F22}.Debug|x86.Build.0 = Debug|Any CPU
		{52550EB9-7BF0-4FD8-917C-103098232F22}.Release|Any CPU.ActiveCfg = Release|Any CPU
		{52550EB9-7BF0-4FD8-917C-103098232F22}.Release|Any CPU.Build.0 = Release|Any CPU
		{52550EB9-7BF0-4FD8-917C-103098232F22}.Release|ARM.ActiveCfg = Release|Any CPU
		{52550EB9-7BF0-4FD8-917C-103098232F22}.Release|ARM.Build.0 = Release|Any CPU
		{52550EB9-7BF0-4FD8-917C-103098232F22}.Release|ARM64.ActiveCfg = Release|Any CPU
		{52550EB9-7BF0-4FD8-917C-103098232F22}.Release|ARM64.Build.0 = Release|Any CPU
		{52550EB9-7BF0-4FD8-917C-103098232F22}.Release|x64.ActiveCfg = Release|Any CPU
		{52550EB9-7BF0-4FD8-917C-103098232F22}.Release|x64.Build.0 = Release|Any CPU
		{52550EB9-7BF0-4FD8-917C-103098232F22}.Release|x86.ActiveCfg = Release|Any CPU
		{52550EB9-7BF0-4FD8-917C-103098232F22}.Release|x86.Build.0 = Release|Any CPU
		{9894076A-D383-44EB-8875-7E8AAF798F77}.Debug|Any CPU.ActiveCfg = Debug|Any CPU
		{9894076A-D383-44EB-8875-7E8AAF798F77}.Debug|Any CPU.Build.0 = Debug|Any CPU
		{9894076A-D383-44EB-8875-7E8AAF798F77}.Debug|ARM.ActiveCfg = Debug|Any CPU
		{9894076A-D383-44EB-8875-7E8AAF798F77}.Debug|ARM.Build.0 = Debug|Any CPU
		{9894076A-D383-44EB-8875-7E8AAF798F77}.Debug|ARM64.ActiveCfg = Debug|Any CPU
		{9894076A-D383-44EB-8875-7E8AAF798F77}.Debug|ARM64.Build.0 = Debug|Any CPU
		{9894076A-D383-44EB-8875-7E8AAF798F77}.Debug|x64.ActiveCfg = Debug|Any CPU
		{9894076A-D383-44EB-8875-7E8AAF798F77}.Debug|x64.Build.0 = Debug|Any CPU
		{9894076A-D383-44EB-8875-7E8AAF798F77}.Debug|x86.ActiveCfg = Debug|Any CPU
		{9894076A-D383-44EB-8875-7E8AAF798F77}.Debug|x86.Build.0 = Debug|Any CPU
		{9894076A-D383-44EB-8875-7E8AAF798F77}.Release|Any CPU.ActiveCfg = Release|Any CPU
		{9894076A-D383-44EB-8875-7E8AAF798F77}.Release|Any CPU.Build.0 = Release|Any CPU
		{9894076A-D383-44EB-8875-7E8AAF798F77}.Release|ARM.ActiveCfg = Release|Any CPU
		{9894076A-D383-44EB-8875-7E8AAF798F77}.Release|ARM.Build.0 = Release|Any CPU
		{9894076A-D383-44EB-8875-7E8AAF798F77}.Release|ARM64.ActiveCfg = Release|Any CPU
		{9894076A-D383-44EB-8875-7E8AAF798F77}.Release|ARM64.Build.0 = Release|Any CPU
		{9894076A-D383-44EB-8875-7E8AAF798F77}.Release|x64.ActiveCfg = Release|Any CPU
		{9894076A-D383-44EB-8875-7E8AAF798F77}.Release|x64.Build.0 = Release|Any CPU
		{9894076A-D383-44EB-8875-7E8AAF798F77}.Release|x86.ActiveCfg = Release|Any CPU
		{9894076A-D383-44EB-8875-7E8AAF798F77}.Release|x86.Build.0 = Release|Any CPU
		{1E5A426F-F93B-4849-9AF0-AEC15E6D7EC7}.Debug|Any CPU.ActiveCfg = Debug|Any CPU
		{1E5A426F-F93B-4849-9AF0-AEC15E6D7EC7}.Debug|Any CPU.Build.0 = Debug|Any CPU
		{1E5A426F-F93B-4849-9AF0-AEC15E6D7EC7}.Debug|ARM.ActiveCfg = Debug|Any CPU
		{1E5A426F-F93B-4849-9AF0-AEC15E6D7EC7}.Debug|ARM.Build.0 = Debug|Any CPU
		{1E5A426F-F93B-4849-9AF0-AEC15E6D7EC7}.Debug|ARM64.ActiveCfg = Debug|Any CPU
		{1E5A426F-F93B-4849-9AF0-AEC15E6D7EC7}.Debug|ARM64.Build.0 = Debug|Any CPU
		{1E5A426F-F93B-4849-9AF0-AEC15E6D7EC7}.Debug|x64.ActiveCfg = Debug|Any CPU
		{1E5A426F-F93B-4849-9AF0-AEC15E6D7EC7}.Debug|x64.Build.0 = Debug|Any CPU
		{1E5A426F-F93B-4849-9AF0-AEC15E6D7EC7}.Debug|x86.ActiveCfg = Debug|Any CPU
		{1E5A426F-F93B-4849-9AF0-AEC15E6D7EC7}.Debug|x86.Build.0 = Debug|Any CPU
		{1E5A426F-F93B-4849-9AF0-AEC15E6D7EC7}.Release|Any CPU.ActiveCfg = Release|Any CPU
		{1E5A426F-F93B-4849-9AF0-AEC15E6D7EC7}.Release|Any CPU.Build.0 = Release|Any CPU
		{1E5A426F-F93B-4849-9AF0-AEC15E6D7EC7}.Release|ARM.ActiveCfg = Release|Any CPU
		{1E5A426F-F93B-4849-9AF0-AEC15E6D7EC7}.Release|ARM.Build.0 = Release|Any CPU
		{1E5A426F-F93B-4849-9AF0-AEC15E6D7EC7}.Release|ARM64.ActiveCfg = Release|Any CPU
		{1E5A426F-F93B-4849-9AF0-AEC15E6D7EC7}.Release|ARM64.Build.0 = Release|Any CPU
		{1E5A426F-F93B-4849-9AF0-AEC15E6D7EC7}.Release|x64.ActiveCfg = Release|Any CPU
		{1E5A426F-F93B-4849-9AF0-AEC15E6D7EC7}.Release|x64.Build.0 = Release|Any CPU
		{1E5A426F-F93B-4849-9AF0-AEC15E6D7EC7}.Release|x86.ActiveCfg = Release|Any CPU
		{1E5A426F-F93B-4849-9AF0-AEC15E6D7EC7}.Release|x86.Build.0 = Release|Any CPU
		{E00D573A-084F-45A3-A586-8EBEF36C0DDD}.Debug|Any CPU.ActiveCfg = Debug|Any CPU
		{E00D573A-084F-45A3-A586-8EBEF36C0DDD}.Debug|Any CPU.Build.0 = Debug|Any CPU
		{E00D573A-084F-45A3-A586-8EBEF36C0DDD}.Debug|ARM.ActiveCfg = Debug|Any CPU
		{E00D573A-084F-45A3-A586-8EBEF36C0DDD}.Debug|ARM.Build.0 = Debug|Any CPU
		{E00D573A-084F-45A3-A586-8EBEF36C0DDD}.Debug|ARM64.ActiveCfg = Debug|Any CPU
		{E00D573A-084F-45A3-A586-8EBEF36C0DDD}.Debug|ARM64.Build.0 = Debug|Any CPU
		{E00D573A-084F-45A3-A586-8EBEF36C0DDD}.Debug|x64.ActiveCfg = Debug|Any CPU
		{E00D573A-084F-45A3-A586-8EBEF36C0DDD}.Debug|x64.Build.0 = Debug|Any CPU
		{E00D573A-084F-45A3-A586-8EBEF36C0DDD}.Debug|x86.ActiveCfg = Debug|Any CPU
		{E00D573A-084F-45A3-A586-8EBEF36C0DDD}.Debug|x86.Build.0 = Debug|Any CPU
		{E00D573A-084F-45A3-A586-8EBEF36C0DDD}.Release|Any CPU.ActiveCfg = Release|Any CPU
		{E00D573A-084F-45A3-A586-8EBEF36C0DDD}.Release|Any CPU.Build.0 = Release|Any CPU
		{E00D573A-084F-45A3-A586-8EBEF36C0DDD}.Release|ARM.ActiveCfg = Release|Any CPU
		{E00D573A-084F-45A3-A586-8EBEF36C0DDD}.Release|ARM.Build.0 = Release|Any CPU
		{E00D573A-084F-45A3-A586-8EBEF36C0DDD}.Release|ARM64.ActiveCfg = Release|Any CPU
		{E00D573A-084F-45A3-A586-8EBEF36C0DDD}.Release|ARM64.Build.0 = Release|Any CPU
		{E00D573A-084F-45A3-A586-8EBEF36C0DDD}.Release|x64.ActiveCfg = Release|Any CPU
		{E00D573A-084F-45A3-A586-8EBEF36C0DDD}.Release|x64.Build.0 = Release|Any CPU
		{E00D573A-084F-45A3-A586-8EBEF36C0DDD}.Release|x86.ActiveCfg = Release|Any CPU
		{E00D573A-084F-45A3-A586-8EBEF36C0DDD}.Release|x86.Build.0 = Release|Any CPU
		{606213E2-89F3-4E69-97F1-A7CFE7D363F8}.Debug|Any CPU.ActiveCfg = Debug|Any CPU
		{606213E2-89F3-4E69-97F1-A7CFE7D363F8}.Debug|Any CPU.Build.0 = Debug|Any CPU
		{606213E2-89F3-4E69-97F1-A7CFE7D363F8}.Debug|ARM.ActiveCfg = Debug|Any CPU
		{606213E2-89F3-4E69-97F1-A7CFE7D363F8}.Debug|ARM.Build.0 = Debug|Any CPU
		{606213E2-89F3-4E69-97F1-A7CFE7D363F8}.Debug|ARM64.ActiveCfg = Debug|Any CPU
		{606213E2-89F3-4E69-97F1-A7CFE7D363F8}.Debug|ARM64.Build.0 = Debug|Any CPU
		{606213E2-89F3-4E69-97F1-A7CFE7D363F8}.Debug|x64.ActiveCfg = Debug|Any CPU
		{606213E2-89F3-4E69-97F1-A7CFE7D363F8}.Debug|x64.Build.0 = Debug|Any CPU
		{606213E2-89F3-4E69-97F1-A7CFE7D363F8}.Debug|x86.ActiveCfg = Debug|Any CPU
		{606213E2-89F3-4E69-97F1-A7CFE7D363F8}.Debug|x86.Build.0 = Debug|Any CPU
		{606213E2-89F3-4E69-97F1-A7CFE7D363F8}.Release|Any CPU.ActiveCfg = Release|Any CPU
		{606213E2-89F3-4E69-97F1-A7CFE7D363F8}.Release|Any CPU.Build.0 = Release|Any CPU
		{606213E2-89F3-4E69-97F1-A7CFE7D363F8}.Release|ARM.ActiveCfg = Release|Any CPU
		{606213E2-89F3-4E69-97F1-A7CFE7D363F8}.Release|ARM.Build.0 = Release|Any CPU
		{606213E2-89F3-4E69-97F1-A7CFE7D363F8}.Release|ARM64.ActiveCfg = Release|Any CPU
		{606213E2-89F3-4E69-97F1-A7CFE7D363F8}.Release|ARM64.Build.0 = Release|Any CPU
		{606213E2-89F3-4E69-97F1-A7CFE7D363F8}.Release|x64.ActiveCfg = Release|Any CPU
		{606213E2-89F3-4E69-97F1-A7CFE7D363F8}.Release|x64.Build.0 = Release|Any CPU
		{606213E2-89F3-4E69-97F1-A7CFE7D363F8}.Release|x86.ActiveCfg = Release|Any CPU
		{606213E2-89F3-4E69-97F1-A7CFE7D363F8}.Release|x86.Build.0 = Release|Any CPU
		{45993AE3-EE77-497D-AF7D-A5D911648AD0}.Debug|Any CPU.ActiveCfg = Debug|Any CPU
		{45993AE3-EE77-497D-AF7D-A5D911648AD0}.Debug|Any CPU.Build.0 = Debug|Any CPU
		{45993AE3-EE77-497D-AF7D-A5D911648AD0}.Debug|ARM.ActiveCfg = Debug|Any CPU
		{45993AE3-EE77-497D-AF7D-A5D911648AD0}.Debug|ARM.Build.0 = Debug|Any CPU
		{45993AE3-EE77-497D-AF7D-A5D911648AD0}.Debug|ARM64.ActiveCfg = Debug|Any CPU
		{45993AE3-EE77-497D-AF7D-A5D911648AD0}.Debug|ARM64.Build.0 = Debug|Any CPU
		{45993AE3-EE77-497D-AF7D-A5D911648AD0}.Debug|x64.ActiveCfg = Debug|Any CPU
		{45993AE3-EE77-497D-AF7D-A5D911648AD0}.Debug|x64.Build.0 = Debug|Any CPU
		{45993AE3-EE77-497D-AF7D-A5D911648AD0}.Debug|x86.ActiveCfg = Debug|Any CPU
		{45993AE3-EE77-497D-AF7D-A5D911648AD0}.Debug|x86.Build.0 = Debug|Any CPU
		{45993AE3-EE77-497D-AF7D-A5D911648AD0}.Release|Any CPU.ActiveCfg = Release|Any CPU
		{45993AE3-EE77-497D-AF7D-A5D911648AD0}.Release|Any CPU.Build.0 = Release|Any CPU
		{45993AE3-EE77-497D-AF7D-A5D911648AD0}.Release|ARM.ActiveCfg = Release|Any CPU
		{45993AE3-EE77-497D-AF7D-A5D911648AD0}.Release|ARM.Build.0 = Release|Any CPU
		{45993AE3-EE77-497D-AF7D-A5D911648AD0}.Release|ARM64.ActiveCfg = Release|Any CPU
		{45993AE3-EE77-497D-AF7D-A5D911648AD0}.Release|ARM64.Build.0 = Release|Any CPU
		{45993AE3-EE77-497D-AF7D-A5D911648AD0}.Release|x64.ActiveCfg = Release|Any CPU
		{45993AE3-EE77-497D-AF7D-A5D911648AD0}.Release|x64.Build.0 = Release|Any CPU
		{45993AE3-EE77-497D-AF7D-A5D911648AD0}.Release|x86.ActiveCfg = Release|Any CPU
		{45993AE3-EE77-497D-AF7D-A5D911648AD0}.Release|x86.Build.0 = Release|Any CPU
		{9B8C1387-8B6D-4AEA-B39E-F2908E30C02A}.Debug|Any CPU.ActiveCfg = Debug|Any CPU
		{9B8C1387-8B6D-4AEA-B39E-F2908E30C02A}.Debug|Any CPU.Build.0 = Debug|Any CPU
		{9B8C1387-8B6D-4AEA-B39E-F2908E30C02A}.Debug|ARM.ActiveCfg = Debug|Any CPU
		{9B8C1387-8B6D-4AEA-B39E-F2908E30C02A}.Debug|ARM.Build.0 = Debug|Any CPU
		{9B8C1387-8B6D-4AEA-B39E-F2908E30C02A}.Debug|ARM64.ActiveCfg = Debug|Any CPU
		{9B8C1387-8B6D-4AEA-B39E-F2908E30C02A}.Debug|ARM64.Build.0 = Debug|Any CPU
		{9B8C1387-8B6D-4AEA-B39E-F2908E30C02A}.Debug|x64.ActiveCfg = Debug|Any CPU
		{9B8C1387-8B6D-4AEA-B39E-F2908E30C02A}.Debug|x64.Build.0 = Debug|Any CPU
		{9B8C1387-8B6D-4AEA-B39E-F2908E30C02A}.Debug|x86.ActiveCfg = Debug|Any CPU
		{9B8C1387-8B6D-4AEA-B39E-F2908E30C02A}.Debug|x86.Build.0 = Debug|Any CPU
		{9B8C1387-8B6D-4AEA-B39E-F2908E30C02A}.Release|Any CPU.ActiveCfg = Release|Any CPU
		{9B8C1387-8B6D-4AEA-B39E-F2908E30C02A}.Release|Any CPU.Build.0 = Release|Any CPU
		{9B8C1387-8B6D-4AEA-B39E-F2908E30C02A}.Release|ARM.ActiveCfg = Release|Any CPU
		{9B8C1387-8B6D-4AEA-B39E-F2908E30C02A}.Release|ARM.Build.0 = Release|Any CPU
		{9B8C1387-8B6D-4AEA-B39E-F2908E30C02A}.Release|ARM64.ActiveCfg = Release|Any CPU
		{9B8C1387-8B6D-4AEA-B39E-F2908E30C02A}.Release|ARM64.Build.0 = Release|Any CPU
		{9B8C1387-8B6D-4AEA-B39E-F2908E30C02A}.Release|x64.ActiveCfg = Release|Any CPU
		{9B8C1387-8B6D-4AEA-B39E-F2908E30C02A}.Release|x64.Build.0 = Release|Any CPU
		{9B8C1387-8B6D-4AEA-B39E-F2908E30C02A}.Release|x86.ActiveCfg = Release|Any CPU
		{9B8C1387-8B6D-4AEA-B39E-F2908E30C02A}.Release|x86.Build.0 = Release|Any CPU
		{64470B1E-8091-43CE-8668-FD7297340C96}.Debug|Any CPU.ActiveCfg = Debug|Any CPU
		{64470B1E-8091-43CE-8668-FD7297340C96}.Debug|Any CPU.Build.0 = Debug|Any CPU
		{64470B1E-8091-43CE-8668-FD7297340C96}.Debug|ARM.ActiveCfg = Debug|Any CPU
		{64470B1E-8091-43CE-8668-FD7297340C96}.Debug|ARM.Build.0 = Debug|Any CPU
		{64470B1E-8091-43CE-8668-FD7297340C96}.Debug|ARM64.ActiveCfg = Debug|Any CPU
		{64470B1E-8091-43CE-8668-FD7297340C96}.Debug|ARM64.Build.0 = Debug|Any CPU
		{64470B1E-8091-43CE-8668-FD7297340C96}.Debug|x64.ActiveCfg = Debug|Any CPU
		{64470B1E-8091-43CE-8668-FD7297340C96}.Debug|x64.Build.0 = Debug|Any CPU
		{64470B1E-8091-43CE-8668-FD7297340C96}.Debug|x86.ActiveCfg = Debug|Any CPU
		{64470B1E-8091-43CE-8668-FD7297340C96}.Debug|x86.Build.0 = Debug|Any CPU
		{64470B1E-8091-43CE-8668-FD7297340C96}.Release|Any CPU.ActiveCfg = Release|Any CPU
		{64470B1E-8091-43CE-8668-FD7297340C96}.Release|Any CPU.Build.0 = Release|Any CPU
		{64470B1E-8091-43CE-8668-FD7297340C96}.Release|ARM.ActiveCfg = Release|Any CPU
		{64470B1E-8091-43CE-8668-FD7297340C96}.Release|ARM.Build.0 = Release|Any CPU
		{64470B1E-8091-43CE-8668-FD7297340C96}.Release|ARM64.ActiveCfg = Release|Any CPU
		{64470B1E-8091-43CE-8668-FD7297340C96}.Release|ARM64.Build.0 = Release|Any CPU
		{64470B1E-8091-43CE-8668-FD7297340C96}.Release|x64.ActiveCfg = Release|Any CPU
		{64470B1E-8091-43CE-8668-FD7297340C96}.Release|x64.Build.0 = Release|Any CPU
		{64470B1E-8091-43CE-8668-FD7297340C96}.Release|x86.ActiveCfg = Release|Any CPU
		{64470B1E-8091-43CE-8668-FD7297340C96}.Release|x86.Build.0 = Release|Any CPU
		{9F4D35EC-22B3-45E3-A0D4-30BE4117688C}.Debug|Any CPU.ActiveCfg = Debug|Any CPU
		{9F4D35EC-22B3-45E3-A0D4-30BE4117688C}.Debug|Any CPU.Build.0 = Debug|Any CPU
		{9F4D35EC-22B3-45E3-A0D4-30BE4117688C}.Debug|ARM.ActiveCfg = Debug|Any CPU
		{9F4D35EC-22B3-45E3-A0D4-30BE4117688C}.Debug|ARM.Build.0 = Debug|Any CPU
		{9F4D35EC-22B3-45E3-A0D4-30BE4117688C}.Debug|ARM64.ActiveCfg = Debug|Any CPU
		{9F4D35EC-22B3-45E3-A0D4-30BE4117688C}.Debug|ARM64.Build.0 = Debug|Any CPU
		{9F4D35EC-22B3-45E3-A0D4-30BE4117688C}.Debug|x64.ActiveCfg = Debug|Any CPU
		{9F4D35EC-22B3-45E3-A0D4-30BE4117688C}.Debug|x64.Build.0 = Debug|Any CPU
		{9F4D35EC-22B3-45E3-A0D4-30BE4117688C}.Debug|x86.ActiveCfg = Debug|Any CPU
		{9F4D35EC-22B3-45E3-A0D4-30BE4117688C}.Debug|x86.Build.0 = Debug|Any CPU
		{9F4D35EC-22B3-45E3-A0D4-30BE4117688C}.Release|Any CPU.ActiveCfg = Release|Any CPU
		{9F4D35EC-22B3-45E3-A0D4-30BE4117688C}.Release|Any CPU.Build.0 = Release|Any CPU
		{9F4D35EC-22B3-45E3-A0D4-30BE4117688C}.Release|ARM.ActiveCfg = Release|Any CPU
		{9F4D35EC-22B3-45E3-A0D4-30BE4117688C}.Release|ARM.Build.0 = Release|Any CPU
		{9F4D35EC-22B3-45E3-A0D4-30BE4117688C}.Release|ARM64.ActiveCfg = Release|Any CPU
		{9F4D35EC-22B3-45E3-A0D4-30BE4117688C}.Release|ARM64.Build.0 = Release|Any CPU
		{9F4D35EC-22B3-45E3-A0D4-30BE4117688C}.Release|x64.ActiveCfg = Release|Any CPU
		{9F4D35EC-22B3-45E3-A0D4-30BE4117688C}.Release|x64.Build.0 = Release|Any CPU
		{9F4D35EC-22B3-45E3-A0D4-30BE4117688C}.Release|x86.ActiveCfg = Release|Any CPU
		{9F4D35EC-22B3-45E3-A0D4-30BE4117688C}.Release|x86.Build.0 = Release|Any CPU
		{8E38ABB6-6EC9-44E2-A082-270A5377FB78}.Debug|Any CPU.ActiveCfg = Debug|Any CPU
		{8E38ABB6-6EC9-44E2-A082-270A5377FB78}.Debug|Any CPU.Build.0 = Debug|Any CPU
		{8E38ABB6-6EC9-44E2-A082-270A5377FB78}.Debug|ARM.ActiveCfg = Debug|Any CPU
		{8E38ABB6-6EC9-44E2-A082-270A5377FB78}.Debug|ARM.Build.0 = Debug|Any CPU
		{8E38ABB6-6EC9-44E2-A082-270A5377FB78}.Debug|ARM64.ActiveCfg = Debug|Any CPU
		{8E38ABB6-6EC9-44E2-A082-270A5377FB78}.Debug|ARM64.Build.0 = Debug|Any CPU
		{8E38ABB6-6EC9-44E2-A082-270A5377FB78}.Debug|x64.ActiveCfg = Debug|Any CPU
		{8E38ABB6-6EC9-44E2-A082-270A5377FB78}.Debug|x64.Build.0 = Debug|Any CPU
		{8E38ABB6-6EC9-44E2-A082-270A5377FB78}.Debug|x86.ActiveCfg = Debug|Any CPU
		{8E38ABB6-6EC9-44E2-A082-270A5377FB78}.Debug|x86.Build.0 = Debug|Any CPU
		{8E38ABB6-6EC9-44E2-A082-270A5377FB78}.Release|Any CPU.ActiveCfg = Release|Any CPU
		{8E38ABB6-6EC9-44E2-A082-270A5377FB78}.Release|Any CPU.Build.0 = Release|Any CPU
		{8E38ABB6-6EC9-44E2-A082-270A5377FB78}.Release|ARM.ActiveCfg = Release|Any CPU
		{8E38ABB6-6EC9-44E2-A082-270A5377FB78}.Release|ARM.Build.0 = Release|Any CPU
		{8E38ABB6-6EC9-44E2-A082-270A5377FB78}.Release|ARM64.ActiveCfg = Release|Any CPU
		{8E38ABB6-6EC9-44E2-A082-270A5377FB78}.Release|ARM64.Build.0 = Release|Any CPU
		{8E38ABB6-6EC9-44E2-A082-270A5377FB78}.Release|x64.ActiveCfg = Release|Any CPU
		{8E38ABB6-6EC9-44E2-A082-270A5377FB78}.Release|x64.Build.0 = Release|Any CPU
		{8E38ABB6-6EC9-44E2-A082-270A5377FB78}.Release|x86.ActiveCfg = Release|Any CPU
		{8E38ABB6-6EC9-44E2-A082-270A5377FB78}.Release|x86.Build.0 = Release|Any CPU
		{38D1A256-5EB0-4B2D-BBDD-F5EF03556DF1}.Debug|Any CPU.ActiveCfg = Debug|Any CPU
		{38D1A256-5EB0-4B2D-BBDD-F5EF03556DF1}.Debug|Any CPU.Build.0 = Debug|Any CPU
		{38D1A256-5EB0-4B2D-BBDD-F5EF03556DF1}.Debug|ARM.ActiveCfg = Debug|Any CPU
		{38D1A256-5EB0-4B2D-BBDD-F5EF03556DF1}.Debug|ARM.Build.0 = Debug|Any CPU
		{38D1A256-5EB0-4B2D-BBDD-F5EF03556DF1}.Debug|ARM64.ActiveCfg = Debug|Any CPU
		{38D1A256-5EB0-4B2D-BBDD-F5EF03556DF1}.Debug|ARM64.Build.0 = Debug|Any CPU
		{38D1A256-5EB0-4B2D-BBDD-F5EF03556DF1}.Debug|x64.ActiveCfg = Debug|Any CPU
		{38D1A256-5EB0-4B2D-BBDD-F5EF03556DF1}.Debug|x64.Build.0 = Debug|Any CPU
		{38D1A256-5EB0-4B2D-BBDD-F5EF03556DF1}.Debug|x86.ActiveCfg = Debug|Any CPU
		{38D1A256-5EB0-4B2D-BBDD-F5EF03556DF1}.Debug|x86.Build.0 = Debug|Any CPU
		{38D1A256-5EB0-4B2D-BBDD-F5EF03556DF1}.Release|Any CPU.ActiveCfg = Release|Any CPU
		{38D1A256-5EB0-4B2D-BBDD-F5EF03556DF1}.Release|Any CPU.Build.0 = Release|Any CPU
		{38D1A256-5EB0-4B2D-BBDD-F5EF03556DF1}.Release|ARM.ActiveCfg = Release|Any CPU
		{38D1A256-5EB0-4B2D-BBDD-F5EF03556DF1}.Release|ARM.Build.0 = Release|Any CPU
		{38D1A256-5EB0-4B2D-BBDD-F5EF03556DF1}.Release|ARM64.ActiveCfg = Release|Any CPU
		{38D1A256-5EB0-4B2D-BBDD-F5EF03556DF1}.Release|ARM64.Build.0 = Release|Any CPU
		{38D1A256-5EB0-4B2D-BBDD-F5EF03556DF1}.Release|x64.ActiveCfg = Release|Any CPU
		{38D1A256-5EB0-4B2D-BBDD-F5EF03556DF1}.Release|x64.Build.0 = Release|Any CPU
		{38D1A256-5EB0-4B2D-BBDD-F5EF03556DF1}.Release|x86.ActiveCfg = Release|Any CPU
		{38D1A256-5EB0-4B2D-BBDD-F5EF03556DF1}.Release|x86.Build.0 = Release|Any CPU
		{B6F27259-8BC4-4B03-968A-63F78DD5FA83}.Debug|Any CPU.ActiveCfg = Debug|x86
		{B6F27259-8BC4-4B03-968A-63F78DD5FA83}.Debug|ARM.ActiveCfg = Debug|ARM
		{B6F27259-8BC4-4B03-968A-63F78DD5FA83}.Debug|ARM.Build.0 = Debug|ARM
		{B6F27259-8BC4-4B03-968A-63F78DD5FA83}.Debug|ARM.Deploy.0 = Debug|ARM
		{B6F27259-8BC4-4B03-968A-63F78DD5FA83}.Debug|ARM64.ActiveCfg = Debug|ARM64
		{B6F27259-8BC4-4B03-968A-63F78DD5FA83}.Debug|ARM64.Build.0 = Debug|ARM64
		{B6F27259-8BC4-4B03-968A-63F78DD5FA83}.Debug|ARM64.Deploy.0 = Debug|ARM64
		{B6F27259-8BC4-4B03-968A-63F78DD5FA83}.Debug|x64.ActiveCfg = Debug|x64
		{B6F27259-8BC4-4B03-968A-63F78DD5FA83}.Debug|x64.Build.0 = Debug|x64
		{B6F27259-8BC4-4B03-968A-63F78DD5FA83}.Debug|x64.Deploy.0 = Debug|x64
		{B6F27259-8BC4-4B03-968A-63F78DD5FA83}.Debug|x86.ActiveCfg = Debug|x86
		{B6F27259-8BC4-4B03-968A-63F78DD5FA83}.Debug|x86.Build.0 = Debug|x86
		{B6F27259-8BC4-4B03-968A-63F78DD5FA83}.Debug|x86.Deploy.0 = Debug|x86
		{B6F27259-8BC4-4B03-968A-63F78DD5FA83}.Release|Any CPU.ActiveCfg = Release|x86
		{B6F27259-8BC4-4B03-968A-63F78DD5FA83}.Release|ARM.ActiveCfg = Release|ARM
		{B6F27259-8BC4-4B03-968A-63F78DD5FA83}.Release|ARM.Build.0 = Release|ARM
		{B6F27259-8BC4-4B03-968A-63F78DD5FA83}.Release|ARM.Deploy.0 = Release|ARM
		{B6F27259-8BC4-4B03-968A-63F78DD5FA83}.Release|ARM64.ActiveCfg = Release|ARM64
		{B6F27259-8BC4-4B03-968A-63F78DD5FA83}.Release|ARM64.Build.0 = Release|ARM64
		{B6F27259-8BC4-4B03-968A-63F78DD5FA83}.Release|ARM64.Deploy.0 = Release|ARM64
		{B6F27259-8BC4-4B03-968A-63F78DD5FA83}.Release|x64.ActiveCfg = Release|x64
		{B6F27259-8BC4-4B03-968A-63F78DD5FA83}.Release|x64.Build.0 = Release|x64
		{B6F27259-8BC4-4B03-968A-63F78DD5FA83}.Release|x64.Deploy.0 = Release|x64
		{B6F27259-8BC4-4B03-968A-63F78DD5FA83}.Release|x86.ActiveCfg = Release|x86
		{B6F27259-8BC4-4B03-968A-63F78DD5FA83}.Release|x86.Build.0 = Release|x86
		{B6F27259-8BC4-4B03-968A-63F78DD5FA83}.Release|x86.Deploy.0 = Release|x86
		{19071344-6EC7-4004-BE6E-B3E64C056106}.Debug|Any CPU.ActiveCfg = Debug|Any CPU
		{19071344-6EC7-4004-BE6E-B3E64C056106}.Debug|Any CPU.Build.0 = Debug|Any CPU
		{19071344-6EC7-4004-BE6E-B3E64C056106}.Debug|ARM.ActiveCfg = Debug|Any CPU
		{19071344-6EC7-4004-BE6E-B3E64C056106}.Debug|ARM.Build.0 = Debug|Any CPU
		{19071344-6EC7-4004-BE6E-B3E64C056106}.Debug|ARM64.ActiveCfg = Debug|Any CPU
		{19071344-6EC7-4004-BE6E-B3E64C056106}.Debug|ARM64.Build.0 = Debug|Any CPU
		{19071344-6EC7-4004-BE6E-B3E64C056106}.Debug|x64.ActiveCfg = Debug|Any CPU
		{19071344-6EC7-4004-BE6E-B3E64C056106}.Debug|x64.Build.0 = Debug|Any CPU
		{19071344-6EC7-4004-BE6E-B3E64C056106}.Debug|x86.ActiveCfg = Debug|Any CPU
		{19071344-6EC7-4004-BE6E-B3E64C056106}.Debug|x86.Build.0 = Debug|Any CPU
		{19071344-6EC7-4004-BE6E-B3E64C056106}.Release|Any CPU.ActiveCfg = Release|Any CPU
		{19071344-6EC7-4004-BE6E-B3E64C056106}.Release|Any CPU.Build.0 = Release|Any CPU
		{19071344-6EC7-4004-BE6E-B3E64C056106}.Release|ARM.ActiveCfg = Release|Any CPU
		{19071344-6EC7-4004-BE6E-B3E64C056106}.Release|ARM.Build.0 = Release|Any CPU
		{19071344-6EC7-4004-BE6E-B3E64C056106}.Release|ARM64.ActiveCfg = Release|Any CPU
		{19071344-6EC7-4004-BE6E-B3E64C056106}.Release|ARM64.Build.0 = Release|Any CPU
		{19071344-6EC7-4004-BE6E-B3E64C056106}.Release|x64.ActiveCfg = Release|Any CPU
		{19071344-6EC7-4004-BE6E-B3E64C056106}.Release|x64.Build.0 = Release|Any CPU
		{19071344-6EC7-4004-BE6E-B3E64C056106}.Release|x86.ActiveCfg = Release|Any CPU
		{19071344-6EC7-4004-BE6E-B3E64C056106}.Release|x86.Build.0 = Release|Any CPU
		{4D153E15-00FF-4D88-9F51-88BDAECCB9EC}.Debug|Any CPU.ActiveCfg = Debug|Any CPU
		{4D153E15-00FF-4D88-9F51-88BDAECCB9EC}.Debug|Any CPU.Build.0 = Debug|Any CPU
		{4D153E15-00FF-4D88-9F51-88BDAECCB9EC}.Debug|ARM.ActiveCfg = Debug|Any CPU
		{4D153E15-00FF-4D88-9F51-88BDAECCB9EC}.Debug|ARM.Build.0 = Debug|Any CPU
		{4D153E15-00FF-4D88-9F51-88BDAECCB9EC}.Debug|ARM64.ActiveCfg = Debug|Any CPU
		{4D153E15-00FF-4D88-9F51-88BDAECCB9EC}.Debug|ARM64.Build.0 = Debug|Any CPU
		{4D153E15-00FF-4D88-9F51-88BDAECCB9EC}.Debug|x64.ActiveCfg = Debug|Any CPU
		{4D153E15-00FF-4D88-9F51-88BDAECCB9EC}.Debug|x64.Build.0 = Debug|Any CPU
		{4D153E15-00FF-4D88-9F51-88BDAECCB9EC}.Debug|x86.ActiveCfg = Debug|Any CPU
		{4D153E15-00FF-4D88-9F51-88BDAECCB9EC}.Debug|x86.Build.0 = Debug|Any CPU
		{4D153E15-00FF-4D88-9F51-88BDAECCB9EC}.Release|Any CPU.ActiveCfg = Release|Any CPU
		{4D153E15-00FF-4D88-9F51-88BDAECCB9EC}.Release|Any CPU.Build.0 = Release|Any CPU
		{4D153E15-00FF-4D88-9F51-88BDAECCB9EC}.Release|ARM.ActiveCfg = Release|Any CPU
		{4D153E15-00FF-4D88-9F51-88BDAECCB9EC}.Release|ARM.Build.0 = Release|Any CPU
		{4D153E15-00FF-4D88-9F51-88BDAECCB9EC}.Release|ARM64.ActiveCfg = Release|Any CPU
		{4D153E15-00FF-4D88-9F51-88BDAECCB9EC}.Release|ARM64.Build.0 = Release|Any CPU
		{4D153E15-00FF-4D88-9F51-88BDAECCB9EC}.Release|x64.ActiveCfg = Release|Any CPU
		{4D153E15-00FF-4D88-9F51-88BDAECCB9EC}.Release|x64.Build.0 = Release|Any CPU
		{4D153E15-00FF-4D88-9F51-88BDAECCB9EC}.Release|x86.ActiveCfg = Release|Any CPU
		{4D153E15-00FF-4D88-9F51-88BDAECCB9EC}.Release|x86.Build.0 = Release|Any CPU
		{09C71B30-4347-4A5D-8B04-3D7ABD45711C}.Debug|Any CPU.ActiveCfg = Debug|Any CPU
		{09C71B30-4347-4A5D-8B04-3D7ABD45711C}.Debug|Any CPU.Build.0 = Debug|Any CPU
		{09C71B30-4347-4A5D-8B04-3D7ABD45711C}.Debug|ARM.ActiveCfg = Debug|Any CPU
		{09C71B30-4347-4A5D-8B04-3D7ABD45711C}.Debug|ARM.Build.0 = Debug|Any CPU
		{09C71B30-4347-4A5D-8B04-3D7ABD45711C}.Debug|ARM64.ActiveCfg = Debug|Any CPU
		{09C71B30-4347-4A5D-8B04-3D7ABD45711C}.Debug|ARM64.Build.0 = Debug|Any CPU
		{09C71B30-4347-4A5D-8B04-3D7ABD45711C}.Debug|x64.ActiveCfg = Debug|Any CPU
		{09C71B30-4347-4A5D-8B04-3D7ABD45711C}.Debug|x64.Build.0 = Debug|Any CPU
		{09C71B30-4347-4A5D-8B04-3D7ABD45711C}.Debug|x86.ActiveCfg = Debug|Any CPU
		{09C71B30-4347-4A5D-8B04-3D7ABD45711C}.Debug|x86.Build.0 = Debug|Any CPU
		{09C71B30-4347-4A5D-8B04-3D7ABD45711C}.Release|Any CPU.ActiveCfg = Release|Any CPU
		{09C71B30-4347-4A5D-8B04-3D7ABD45711C}.Release|Any CPU.Build.0 = Release|Any CPU
		{09C71B30-4347-4A5D-8B04-3D7ABD45711C}.Release|ARM.ActiveCfg = Release|Any CPU
		{09C71B30-4347-4A5D-8B04-3D7ABD45711C}.Release|ARM.Build.0 = Release|Any CPU
		{09C71B30-4347-4A5D-8B04-3D7ABD45711C}.Release|ARM64.ActiveCfg = Release|Any CPU
		{09C71B30-4347-4A5D-8B04-3D7ABD45711C}.Release|ARM64.Build.0 = Release|Any CPU
		{09C71B30-4347-4A5D-8B04-3D7ABD45711C}.Release|x64.ActiveCfg = Release|Any CPU
		{09C71B30-4347-4A5D-8B04-3D7ABD45711C}.Release|x64.Build.0 = Release|Any CPU
		{09C71B30-4347-4A5D-8B04-3D7ABD45711C}.Release|x86.ActiveCfg = Release|Any CPU
		{09C71B30-4347-4A5D-8B04-3D7ABD45711C}.Release|x86.Build.0 = Release|Any CPU
		{5C8BEDF9-48CE-4AAD-A34F-9B401560F30C}.Debug|Any CPU.ActiveCfg = Debug|Any CPU
		{5C8BEDF9-48CE-4AAD-A34F-9B401560F30C}.Debug|Any CPU.Build.0 = Debug|Any CPU
		{5C8BEDF9-48CE-4AAD-A34F-9B401560F30C}.Debug|ARM.ActiveCfg = Debug|Any CPU
		{5C8BEDF9-48CE-4AAD-A34F-9B401560F30C}.Debug|ARM.Build.0 = Debug|Any CPU
		{5C8BEDF9-48CE-4AAD-A34F-9B401560F30C}.Debug|ARM64.ActiveCfg = Debug|Any CPU
		{5C8BEDF9-48CE-4AAD-A34F-9B401560F30C}.Debug|ARM64.Build.0 = Debug|Any CPU
		{5C8BEDF9-48CE-4AAD-A34F-9B401560F30C}.Debug|x64.ActiveCfg = Debug|Any CPU
		{5C8BEDF9-48CE-4AAD-A34F-9B401560F30C}.Debug|x64.Build.0 = Debug|Any CPU
		{5C8BEDF9-48CE-4AAD-A34F-9B401560F30C}.Debug|x86.ActiveCfg = Debug|Any CPU
		{5C8BEDF9-48CE-4AAD-A34F-9B401560F30C}.Debug|x86.Build.0 = Debug|Any CPU
		{5C8BEDF9-48CE-4AAD-A34F-9B401560F30C}.Release|Any CPU.ActiveCfg = Release|Any CPU
		{5C8BEDF9-48CE-4AAD-A34F-9B401560F30C}.Release|Any CPU.Build.0 = Release|Any CPU
		{5C8BEDF9-48CE-4AAD-A34F-9B401560F30C}.Release|ARM.ActiveCfg = Release|Any CPU
		{5C8BEDF9-48CE-4AAD-A34F-9B401560F30C}.Release|ARM.Build.0 = Release|Any CPU
		{5C8BEDF9-48CE-4AAD-A34F-9B401560F30C}.Release|ARM64.ActiveCfg = Release|Any CPU
		{5C8BEDF9-48CE-4AAD-A34F-9B401560F30C}.Release|ARM64.Build.0 = Release|Any CPU
		{5C8BEDF9-48CE-4AAD-A34F-9B401560F30C}.Release|x64.ActiveCfg = Release|Any CPU
		{5C8BEDF9-48CE-4AAD-A34F-9B401560F30C}.Release|x64.Build.0 = Release|Any CPU
		{5C8BEDF9-48CE-4AAD-A34F-9B401560F30C}.Release|x86.ActiveCfg = Release|Any CPU
		{5C8BEDF9-48CE-4AAD-A34F-9B401560F30C}.Release|x86.Build.0 = Release|Any CPU
		{79BD0E84-D5DA-4BD2-8125-A02C7FB4842B}.Debug|Any CPU.ActiveCfg = Debug|Any CPU
		{79BD0E84-D5DA-4BD2-8125-A02C7FB4842B}.Debug|Any CPU.Build.0 = Debug|Any CPU
		{79BD0E84-D5DA-4BD2-8125-A02C7FB4842B}.Debug|ARM.ActiveCfg = Debug|Any CPU
		{79BD0E84-D5DA-4BD2-8125-A02C7FB4842B}.Debug|ARM.Build.0 = Debug|Any CPU
		{79BD0E84-D5DA-4BD2-8125-A02C7FB4842B}.Debug|ARM64.ActiveCfg = Debug|Any CPU
		{79BD0E84-D5DA-4BD2-8125-A02C7FB4842B}.Debug|ARM64.Build.0 = Debug|Any CPU
		{79BD0E84-D5DA-4BD2-8125-A02C7FB4842B}.Debug|x64.ActiveCfg = Debug|Any CPU
		{79BD0E84-D5DA-4BD2-8125-A02C7FB4842B}.Debug|x64.Build.0 = Debug|Any CPU
		{79BD0E84-D5DA-4BD2-8125-A02C7FB4842B}.Debug|x86.ActiveCfg = Debug|Any CPU
		{79BD0E84-D5DA-4BD2-8125-A02C7FB4842B}.Debug|x86.Build.0 = Debug|Any CPU
		{79BD0E84-D5DA-4BD2-8125-A02C7FB4842B}.Release|Any CPU.ActiveCfg = Release|Any CPU
		{79BD0E84-D5DA-4BD2-8125-A02C7FB4842B}.Release|Any CPU.Build.0 = Release|Any CPU
		{79BD0E84-D5DA-4BD2-8125-A02C7FB4842B}.Release|ARM.ActiveCfg = Release|Any CPU
		{79BD0E84-D5DA-4BD2-8125-A02C7FB4842B}.Release|ARM.Build.0 = Release|Any CPU
		{79BD0E84-D5DA-4BD2-8125-A02C7FB4842B}.Release|ARM64.ActiveCfg = Release|Any CPU
		{79BD0E84-D5DA-4BD2-8125-A02C7FB4842B}.Release|ARM64.Build.0 = Release|Any CPU
		{79BD0E84-D5DA-4BD2-8125-A02C7FB4842B}.Release|x64.ActiveCfg = Release|Any CPU
		{79BD0E84-D5DA-4BD2-8125-A02C7FB4842B}.Release|x64.Build.0 = Release|Any CPU
		{79BD0E84-D5DA-4BD2-8125-A02C7FB4842B}.Release|x86.ActiveCfg = Release|Any CPU
		{79BD0E84-D5DA-4BD2-8125-A02C7FB4842B}.Release|x86.Build.0 = Release|Any CPU
		{766F533B-8D49-4C3F-A6DD-A66385E3CCB9}.Debug|Any CPU.ActiveCfg = Debug|Any CPU
		{766F533B-8D49-4C3F-A6DD-A66385E3CCB9}.Debug|Any CPU.Build.0 = Debug|Any CPU
		{766F533B-8D49-4C3F-A6DD-A66385E3CCB9}.Debug|ARM.ActiveCfg = Debug|Any CPU
		{766F533B-8D49-4C3F-A6DD-A66385E3CCB9}.Debug|ARM.Build.0 = Debug|Any CPU
		{766F533B-8D49-4C3F-A6DD-A66385E3CCB9}.Debug|ARM64.ActiveCfg = Debug|Any CPU
		{766F533B-8D49-4C3F-A6DD-A66385E3CCB9}.Debug|ARM64.Build.0 = Debug|Any CPU
		{766F533B-8D49-4C3F-A6DD-A66385E3CCB9}.Debug|x64.ActiveCfg = Debug|Any CPU
		{766F533B-8D49-4C3F-A6DD-A66385E3CCB9}.Debug|x64.Build.0 = Debug|Any CPU
		{766F533B-8D49-4C3F-A6DD-A66385E3CCB9}.Debug|x86.ActiveCfg = Debug|Any CPU
		{766F533B-8D49-4C3F-A6DD-A66385E3CCB9}.Debug|x86.Build.0 = Debug|Any CPU
		{766F533B-8D49-4C3F-A6DD-A66385E3CCB9}.Release|Any CPU.ActiveCfg = Release|Any CPU
		{766F533B-8D49-4C3F-A6DD-A66385E3CCB9}.Release|Any CPU.Build.0 = Release|Any CPU
		{766F533B-8D49-4C3F-A6DD-A66385E3CCB9}.Release|ARM.ActiveCfg = Release|Any CPU
		{766F533B-8D49-4C3F-A6DD-A66385E3CCB9}.Release|ARM.Build.0 = Release|Any CPU
		{766F533B-8D49-4C3F-A6DD-A66385E3CCB9}.Release|ARM64.ActiveCfg = Release|Any CPU
		{766F533B-8D49-4C3F-A6DD-A66385E3CCB9}.Release|ARM64.Build.0 = Release|Any CPU
		{766F533B-8D49-4C3F-A6DD-A66385E3CCB9}.Release|x64.ActiveCfg = Release|Any CPU
		{766F533B-8D49-4C3F-A6DD-A66385E3CCB9}.Release|x64.Build.0 = Release|Any CPU
		{766F533B-8D49-4C3F-A6DD-A66385E3CCB9}.Release|x86.ActiveCfg = Release|Any CPU
		{766F533B-8D49-4C3F-A6DD-A66385E3CCB9}.Release|x86.Build.0 = Release|Any CPU
		{258284CC-6966-48AA-9EB2-7C8C3871D1FB}.Debug|Any CPU.ActiveCfg = Debug|Any CPU
		{258284CC-6966-48AA-9EB2-7C8C3871D1FB}.Debug|Any CPU.Build.0 = Debug|Any CPU
		{258284CC-6966-48AA-9EB2-7C8C3871D1FB}.Debug|ARM.ActiveCfg = Debug|Any CPU
		{258284CC-6966-48AA-9EB2-7C8C3871D1FB}.Debug|ARM.Build.0 = Debug|Any CPU
		{258284CC-6966-48AA-9EB2-7C8C3871D1FB}.Debug|ARM64.ActiveCfg = Debug|Any CPU
		{258284CC-6966-48AA-9EB2-7C8C3871D1FB}.Debug|ARM64.Build.0 = Debug|Any CPU
		{258284CC-6966-48AA-9EB2-7C8C3871D1FB}.Debug|x64.ActiveCfg = Debug|Any CPU
		{258284CC-6966-48AA-9EB2-7C8C3871D1FB}.Debug|x64.Build.0 = Debug|Any CPU
		{258284CC-6966-48AA-9EB2-7C8C3871D1FB}.Debug|x86.ActiveCfg = Debug|Any CPU
		{258284CC-6966-48AA-9EB2-7C8C3871D1FB}.Debug|x86.Build.0 = Debug|Any CPU
		{258284CC-6966-48AA-9EB2-7C8C3871D1FB}.Release|Any CPU.ActiveCfg = Release|Any CPU
		{258284CC-6966-48AA-9EB2-7C8C3871D1FB}.Release|Any CPU.Build.0 = Release|Any CPU
		{258284CC-6966-48AA-9EB2-7C8C3871D1FB}.Release|ARM.ActiveCfg = Release|Any CPU
		{258284CC-6966-48AA-9EB2-7C8C3871D1FB}.Release|ARM.Build.0 = Release|Any CPU
		{258284CC-6966-48AA-9EB2-7C8C3871D1FB}.Release|ARM64.ActiveCfg = Release|Any CPU
		{258284CC-6966-48AA-9EB2-7C8C3871D1FB}.Release|ARM64.Build.0 = Release|Any CPU
		{258284CC-6966-48AA-9EB2-7C8C3871D1FB}.Release|x64.ActiveCfg = Release|Any CPU
		{258284CC-6966-48AA-9EB2-7C8C3871D1FB}.Release|x64.Build.0 = Release|Any CPU
		{258284CC-6966-48AA-9EB2-7C8C3871D1FB}.Release|x86.ActiveCfg = Release|Any CPU
		{258284CC-6966-48AA-9EB2-7C8C3871D1FB}.Release|x86.Build.0 = Release|Any CPU
		{C090117C-6F90-48E0-A2BF-75F5A7DDE6CC}.Debug|Any CPU.ActiveCfg = Debug|Any CPU
		{C090117C-6F90-48E0-A2BF-75F5A7DDE6CC}.Debug|Any CPU.Build.0 = Debug|Any CPU
		{C090117C-6F90-48E0-A2BF-75F5A7DDE6CC}.Debug|ARM.ActiveCfg = Debug|Any CPU
		{C090117C-6F90-48E0-A2BF-75F5A7DDE6CC}.Debug|ARM.Build.0 = Debug|Any CPU
		{C090117C-6F90-48E0-A2BF-75F5A7DDE6CC}.Debug|ARM64.ActiveCfg = Debug|Any CPU
		{C090117C-6F90-48E0-A2BF-75F5A7DDE6CC}.Debug|ARM64.Build.0 = Debug|Any CPU
		{C090117C-6F90-48E0-A2BF-75F5A7DDE6CC}.Debug|x64.ActiveCfg = Debug|Any CPU
		{C090117C-6F90-48E0-A2BF-75F5A7DDE6CC}.Debug|x64.Build.0 = Debug|Any CPU
		{C090117C-6F90-48E0-A2BF-75F5A7DDE6CC}.Debug|x86.ActiveCfg = Debug|Any CPU
		{C090117C-6F90-48E0-A2BF-75F5A7DDE6CC}.Debug|x86.Build.0 = Debug|Any CPU
		{C090117C-6F90-48E0-A2BF-75F5A7DDE6CC}.Release|Any CPU.ActiveCfg = Release|Any CPU
		{C090117C-6F90-48E0-A2BF-75F5A7DDE6CC}.Release|Any CPU.Build.0 = Release|Any CPU
		{C090117C-6F90-48E0-A2BF-75F5A7DDE6CC}.Release|ARM.ActiveCfg = Release|Any CPU
		{C090117C-6F90-48E0-A2BF-75F5A7DDE6CC}.Release|ARM.Build.0 = Release|Any CPU
		{C090117C-6F90-48E0-A2BF-75F5A7DDE6CC}.Release|ARM64.ActiveCfg = Release|Any CPU
		{C090117C-6F90-48E0-A2BF-75F5A7DDE6CC}.Release|ARM64.Build.0 = Release|Any CPU
		{C090117C-6F90-48E0-A2BF-75F5A7DDE6CC}.Release|x64.ActiveCfg = Release|Any CPU
		{C090117C-6F90-48E0-A2BF-75F5A7DDE6CC}.Release|x64.Build.0 = Release|Any CPU
		{C090117C-6F90-48E0-A2BF-75F5A7DDE6CC}.Release|x86.ActiveCfg = Release|Any CPU
		{C090117C-6F90-48E0-A2BF-75F5A7DDE6CC}.Release|x86.Build.0 = Release|Any CPU
		{504C35DE-5580-4C38-9CDE-D7F430EE8E37}.Debug|Any CPU.ActiveCfg = Debug|Any CPU
		{504C35DE-5580-4C38-9CDE-D7F430EE8E37}.Debug|Any CPU.Build.0 = Debug|Any CPU
		{504C35DE-5580-4C38-9CDE-D7F430EE8E37}.Debug|ARM.ActiveCfg = Debug|Any CPU
		{504C35DE-5580-4C38-9CDE-D7F430EE8E37}.Debug|ARM.Build.0 = Debug|Any CPU
		{504C35DE-5580-4C38-9CDE-D7F430EE8E37}.Debug|ARM64.ActiveCfg = Debug|Any CPU
		{504C35DE-5580-4C38-9CDE-D7F430EE8E37}.Debug|ARM64.Build.0 = Debug|Any CPU
		{504C35DE-5580-4C38-9CDE-D7F430EE8E37}.Debug|x64.ActiveCfg = Debug|Any CPU
		{504C35DE-5580-4C38-9CDE-D7F430EE8E37}.Debug|x64.Build.0 = Debug|Any CPU
		{504C35DE-5580-4C38-9CDE-D7F430EE8E37}.Debug|x86.ActiveCfg = Debug|Any CPU
		{504C35DE-5580-4C38-9CDE-D7F430EE8E37}.Debug|x86.Build.0 = Debug|Any CPU
		{504C35DE-5580-4C38-9CDE-D7F430EE8E37}.Release|Any CPU.ActiveCfg = Release|Any CPU
		{504C35DE-5580-4C38-9CDE-D7F430EE8E37}.Release|Any CPU.Build.0 = Release|Any CPU
		{504C35DE-5580-4C38-9CDE-D7F430EE8E37}.Release|ARM.ActiveCfg = Release|Any CPU
		{504C35DE-5580-4C38-9CDE-D7F430EE8E37}.Release|ARM.Build.0 = Release|Any CPU
		{504C35DE-5580-4C38-9CDE-D7F430EE8E37}.Release|ARM64.ActiveCfg = Release|Any CPU
		{504C35DE-5580-4C38-9CDE-D7F430EE8E37}.Release|ARM64.Build.0 = Release|Any CPU
		{504C35DE-5580-4C38-9CDE-D7F430EE8E37}.Release|x64.ActiveCfg = Release|Any CPU
		{504C35DE-5580-4C38-9CDE-D7F430EE8E37}.Release|x64.Build.0 = Release|Any CPU
		{504C35DE-5580-4C38-9CDE-D7F430EE8E37}.Release|x86.ActiveCfg = Release|Any CPU
		{504C35DE-5580-4C38-9CDE-D7F430EE8E37}.Release|x86.Build.0 = Release|Any CPU
		{6B6B4863-BA8A-4E87-8CC9-056676925EFA}.Debug|Any CPU.ActiveCfg = Debug|Any CPU
		{6B6B4863-BA8A-4E87-8CC9-056676925EFA}.Debug|Any CPU.Build.0 = Debug|Any CPU
		{6B6B4863-BA8A-4E87-8CC9-056676925EFA}.Debug|ARM.ActiveCfg = Debug|Any CPU
		{6B6B4863-BA8A-4E87-8CC9-056676925EFA}.Debug|ARM.Build.0 = Debug|Any CPU
		{6B6B4863-BA8A-4E87-8CC9-056676925EFA}.Debug|ARM64.ActiveCfg = Debug|Any CPU
		{6B6B4863-BA8A-4E87-8CC9-056676925EFA}.Debug|ARM64.Build.0 = Debug|Any CPU
		{6B6B4863-BA8A-4E87-8CC9-056676925EFA}.Debug|x64.ActiveCfg = Debug|Any CPU
		{6B6B4863-BA8A-4E87-8CC9-056676925EFA}.Debug|x64.Build.0 = Debug|Any CPU
		{6B6B4863-BA8A-4E87-8CC9-056676925EFA}.Debug|x86.ActiveCfg = Debug|Any CPU
		{6B6B4863-BA8A-4E87-8CC9-056676925EFA}.Debug|x86.Build.0 = Debug|Any CPU
		{6B6B4863-BA8A-4E87-8CC9-056676925EFA}.Release|Any CPU.ActiveCfg = Release|Any CPU
		{6B6B4863-BA8A-4E87-8CC9-056676925EFA}.Release|Any CPU.Build.0 = Release|Any CPU
		{6B6B4863-BA8A-4E87-8CC9-056676925EFA}.Release|ARM.ActiveCfg = Release|Any CPU
		{6B6B4863-BA8A-4E87-8CC9-056676925EFA}.Release|ARM.Build.0 = Release|Any CPU
		{6B6B4863-BA8A-4E87-8CC9-056676925EFA}.Release|ARM64.ActiveCfg = Release|Any CPU
		{6B6B4863-BA8A-4E87-8CC9-056676925EFA}.Release|ARM64.Build.0 = Release|Any CPU
		{6B6B4863-BA8A-4E87-8CC9-056676925EFA}.Release|x64.ActiveCfg = Release|Any CPU
		{6B6B4863-BA8A-4E87-8CC9-056676925EFA}.Release|x64.Build.0 = Release|Any CPU
		{6B6B4863-BA8A-4E87-8CC9-056676925EFA}.Release|x86.ActiveCfg = Release|Any CPU
		{6B6B4863-BA8A-4E87-8CC9-056676925EFA}.Release|x86.Build.0 = Release|Any CPU
		{81ABA0ED-B508-4172-A3A2-C508F6287B93}.Debug|Any CPU.ActiveCfg = Debug|Any CPU
		{81ABA0ED-B508-4172-A3A2-C508F6287B93}.Debug|Any CPU.Build.0 = Debug|Any CPU
		{81ABA0ED-B508-4172-A3A2-C508F6287B93}.Debug|ARM.ActiveCfg = Debug|Any CPU
		{81ABA0ED-B508-4172-A3A2-C508F6287B93}.Debug|ARM.Build.0 = Debug|Any CPU
		{81ABA0ED-B508-4172-A3A2-C508F6287B93}.Debug|ARM64.ActiveCfg = Debug|Any CPU
		{81ABA0ED-B508-4172-A3A2-C508F6287B93}.Debug|ARM64.Build.0 = Debug|Any CPU
		{81ABA0ED-B508-4172-A3A2-C508F6287B93}.Debug|x64.ActiveCfg = Debug|Any CPU
		{81ABA0ED-B508-4172-A3A2-C508F6287B93}.Debug|x64.Build.0 = Debug|Any CPU
		{81ABA0ED-B508-4172-A3A2-C508F6287B93}.Debug|x86.ActiveCfg = Debug|Any CPU
		{81ABA0ED-B508-4172-A3A2-C508F6287B93}.Debug|x86.Build.0 = Debug|Any CPU
		{81ABA0ED-B508-4172-A3A2-C508F6287B93}.Release|Any CPU.ActiveCfg = Release|Any CPU
		{81ABA0ED-B508-4172-A3A2-C508F6287B93}.Release|Any CPU.Build.0 = Release|Any CPU
		{81ABA0ED-B508-4172-A3A2-C508F6287B93}.Release|ARM.ActiveCfg = Release|Any CPU
		{81ABA0ED-B508-4172-A3A2-C508F6287B93}.Release|ARM.Build.0 = Release|Any CPU
		{81ABA0ED-B508-4172-A3A2-C508F6287B93}.Release|ARM64.ActiveCfg = Release|Any CPU
		{81ABA0ED-B508-4172-A3A2-C508F6287B93}.Release|ARM64.Build.0 = Release|Any CPU
		{81ABA0ED-B508-4172-A3A2-C508F6287B93}.Release|x64.ActiveCfg = Release|Any CPU
		{81ABA0ED-B508-4172-A3A2-C508F6287B93}.Release|x64.Build.0 = Release|Any CPU
		{81ABA0ED-B508-4172-A3A2-C508F6287B93}.Release|x86.ActiveCfg = Release|Any CPU
		{81ABA0ED-B508-4172-A3A2-C508F6287B93}.Release|x86.Build.0 = Release|Any CPU
		{33862ED9-BD61-40A2-B6FE-31B47FCAEDD5}.Debug|Any CPU.ActiveCfg = Debug|Any CPU
		{33862ED9-BD61-40A2-B6FE-31B47FCAEDD5}.Debug|Any CPU.Build.0 = Debug|Any CPU
		{33862ED9-BD61-40A2-B6FE-31B47FCAEDD5}.Debug|ARM.ActiveCfg = Debug|Any CPU
		{33862ED9-BD61-40A2-B6FE-31B47FCAEDD5}.Debug|ARM.Build.0 = Debug|Any CPU
		{33862ED9-BD61-40A2-B6FE-31B47FCAEDD5}.Debug|ARM64.ActiveCfg = Debug|Any CPU
		{33862ED9-BD61-40A2-B6FE-31B47FCAEDD5}.Debug|ARM64.Build.0 = Debug|Any CPU
		{33862ED9-BD61-40A2-B6FE-31B47FCAEDD5}.Debug|x64.ActiveCfg = Debug|Any CPU
		{33862ED9-BD61-40A2-B6FE-31B47FCAEDD5}.Debug|x64.Build.0 = Debug|Any CPU
		{33862ED9-BD61-40A2-B6FE-31B47FCAEDD5}.Debug|x86.ActiveCfg = Debug|Any CPU
		{33862ED9-BD61-40A2-B6FE-31B47FCAEDD5}.Debug|x86.Build.0 = Debug|Any CPU
		{33862ED9-BD61-40A2-B6FE-31B47FCAEDD5}.Release|Any CPU.ActiveCfg = Release|Any CPU
		{33862ED9-BD61-40A2-B6FE-31B47FCAEDD5}.Release|Any CPU.Build.0 = Release|Any CPU
		{33862ED9-BD61-40A2-B6FE-31B47FCAEDD5}.Release|ARM.ActiveCfg = Release|Any CPU
		{33862ED9-BD61-40A2-B6FE-31B47FCAEDD5}.Release|ARM.Build.0 = Release|Any CPU
		{33862ED9-BD61-40A2-B6FE-31B47FCAEDD5}.Release|ARM64.ActiveCfg = Release|Any CPU
		{33862ED9-BD61-40A2-B6FE-31B47FCAEDD5}.Release|ARM64.Build.0 = Release|Any CPU
		{33862ED9-BD61-40A2-B6FE-31B47FCAEDD5}.Release|x64.ActiveCfg = Release|Any CPU
		{33862ED9-BD61-40A2-B6FE-31B47FCAEDD5}.Release|x64.Build.0 = Release|Any CPU
		{33862ED9-BD61-40A2-B6FE-31B47FCAEDD5}.Release|x86.ActiveCfg = Release|Any CPU
		{33862ED9-BD61-40A2-B6FE-31B47FCAEDD5}.Release|x86.Build.0 = Release|Any CPU
		{1E852553-1F77-47A9-81FF-022017C41642}.Debug|Any CPU.ActiveCfg = Debug|Any CPU
		{1E852553-1F77-47A9-81FF-022017C41642}.Debug|Any CPU.Build.0 = Debug|Any CPU
		{1E852553-1F77-47A9-81FF-022017C41642}.Debug|ARM.ActiveCfg = Debug|Any CPU
		{1E852553-1F77-47A9-81FF-022017C41642}.Debug|ARM.Build.0 = Debug|Any CPU
		{1E852553-1F77-47A9-81FF-022017C41642}.Debug|ARM64.ActiveCfg = Debug|Any CPU
		{1E852553-1F77-47A9-81FF-022017C41642}.Debug|ARM64.Build.0 = Debug|Any CPU
		{1E852553-1F77-47A9-81FF-022017C41642}.Debug|x64.ActiveCfg = Debug|Any CPU
		{1E852553-1F77-47A9-81FF-022017C41642}.Debug|x64.Build.0 = Debug|Any CPU
		{1E852553-1F77-47A9-81FF-022017C41642}.Debug|x86.ActiveCfg = Debug|Any CPU
		{1E852553-1F77-47A9-81FF-022017C41642}.Debug|x86.Build.0 = Debug|Any CPU
		{1E852553-1F77-47A9-81FF-022017C41642}.Release|Any CPU.ActiveCfg = Release|Any CPU
		{1E852553-1F77-47A9-81FF-022017C41642}.Release|Any CPU.Build.0 = Release|Any CPU
		{1E852553-1F77-47A9-81FF-022017C41642}.Release|ARM.ActiveCfg = Release|Any CPU
		{1E852553-1F77-47A9-81FF-022017C41642}.Release|ARM.Build.0 = Release|Any CPU
		{1E852553-1F77-47A9-81FF-022017C41642}.Release|ARM64.ActiveCfg = Release|Any CPU
		{1E852553-1F77-47A9-81FF-022017C41642}.Release|ARM64.Build.0 = Release|Any CPU
		{1E852553-1F77-47A9-81FF-022017C41642}.Release|x64.ActiveCfg = Release|Any CPU
		{1E852553-1F77-47A9-81FF-022017C41642}.Release|x64.Build.0 = Release|Any CPU
		{1E852553-1F77-47A9-81FF-022017C41642}.Release|x86.ActiveCfg = Release|Any CPU
		{1E852553-1F77-47A9-81FF-022017C41642}.Release|x86.Build.0 = Release|Any CPU
		{6A8CC8F2-B7C4-4A7B-93CA-0DBCADA21FC8}.Debug|Any CPU.ActiveCfg = Debug|Any CPU
		{6A8CC8F2-B7C4-4A7B-93CA-0DBCADA21FC8}.Debug|Any CPU.Build.0 = Debug|Any CPU
		{6A8CC8F2-B7C4-4A7B-93CA-0DBCADA21FC8}.Debug|ARM.ActiveCfg = Debug|Any CPU
		{6A8CC8F2-B7C4-4A7B-93CA-0DBCADA21FC8}.Debug|ARM.Build.0 = Debug|Any CPU
		{6A8CC8F2-B7C4-4A7B-93CA-0DBCADA21FC8}.Debug|ARM64.ActiveCfg = Debug|Any CPU
		{6A8CC8F2-B7C4-4A7B-93CA-0DBCADA21FC8}.Debug|ARM64.Build.0 = Debug|Any CPU
		{6A8CC8F2-B7C4-4A7B-93CA-0DBCADA21FC8}.Debug|x64.ActiveCfg = Debug|Any CPU
		{6A8CC8F2-B7C4-4A7B-93CA-0DBCADA21FC8}.Debug|x64.Build.0 = Debug|Any CPU
		{6A8CC8F2-B7C4-4A7B-93CA-0DBCADA21FC8}.Debug|x86.ActiveCfg = Debug|Any CPU
		{6A8CC8F2-B7C4-4A7B-93CA-0DBCADA21FC8}.Debug|x86.Build.0 = Debug|Any CPU
		{6A8CC8F2-B7C4-4A7B-93CA-0DBCADA21FC8}.Release|Any CPU.ActiveCfg = Release|Any CPU
		{6A8CC8F2-B7C4-4A7B-93CA-0DBCADA21FC8}.Release|Any CPU.Build.0 = Release|Any CPU
		{6A8CC8F2-B7C4-4A7B-93CA-0DBCADA21FC8}.Release|ARM.ActiveCfg = Release|Any CPU
		{6A8CC8F2-B7C4-4A7B-93CA-0DBCADA21FC8}.Release|ARM.Build.0 = Release|Any CPU
		{6A8CC8F2-B7C4-4A7B-93CA-0DBCADA21FC8}.Release|ARM64.ActiveCfg = Release|Any CPU
		{6A8CC8F2-B7C4-4A7B-93CA-0DBCADA21FC8}.Release|ARM64.Build.0 = Release|Any CPU
		{6A8CC8F2-B7C4-4A7B-93CA-0DBCADA21FC8}.Release|x64.ActiveCfg = Release|Any CPU
		{6A8CC8F2-B7C4-4A7B-93CA-0DBCADA21FC8}.Release|x64.Build.0 = Release|Any CPU
		{6A8CC8F2-B7C4-4A7B-93CA-0DBCADA21FC8}.Release|x86.ActiveCfg = Release|Any CPU
		{6A8CC8F2-B7C4-4A7B-93CA-0DBCADA21FC8}.Release|x86.Build.0 = Release|Any CPU
		{3C5661BD-EDDA-4008-8DBB-18A7A4E7EAF0}.Debug|Any CPU.ActiveCfg = Debug|Any CPU
		{3C5661BD-EDDA-4008-8DBB-18A7A4E7EAF0}.Debug|Any CPU.Build.0 = Debug|Any CPU
		{3C5661BD-EDDA-4008-8DBB-18A7A4E7EAF0}.Debug|ARM.ActiveCfg = Debug|Any CPU
		{3C5661BD-EDDA-4008-8DBB-18A7A4E7EAF0}.Debug|ARM.Build.0 = Debug|Any CPU
		{3C5661BD-EDDA-4008-8DBB-18A7A4E7EAF0}.Debug|ARM64.ActiveCfg = Debug|Any CPU
		{3C5661BD-EDDA-4008-8DBB-18A7A4E7EAF0}.Debug|ARM64.Build.0 = Debug|Any CPU
		{3C5661BD-EDDA-4008-8DBB-18A7A4E7EAF0}.Debug|x64.ActiveCfg = Debug|Any CPU
		{3C5661BD-EDDA-4008-8DBB-18A7A4E7EAF0}.Debug|x64.Build.0 = Debug|Any CPU
		{3C5661BD-EDDA-4008-8DBB-18A7A4E7EAF0}.Debug|x86.ActiveCfg = Debug|Any CPU
		{3C5661BD-EDDA-4008-8DBB-18A7A4E7EAF0}.Debug|x86.Build.0 = Debug|Any CPU
		{3C5661BD-EDDA-4008-8DBB-18A7A4E7EAF0}.Release|Any CPU.ActiveCfg = Release|Any CPU
		{3C5661BD-EDDA-4008-8DBB-18A7A4E7EAF0}.Release|Any CPU.Build.0 = Release|Any CPU
		{3C5661BD-EDDA-4008-8DBB-18A7A4E7EAF0}.Release|ARM.ActiveCfg = Release|Any CPU
		{3C5661BD-EDDA-4008-8DBB-18A7A4E7EAF0}.Release|ARM.Build.0 = Release|Any CPU
		{3C5661BD-EDDA-4008-8DBB-18A7A4E7EAF0}.Release|ARM64.ActiveCfg = Release|Any CPU
		{3C5661BD-EDDA-4008-8DBB-18A7A4E7EAF0}.Release|ARM64.Build.0 = Release|Any CPU
		{3C5661BD-EDDA-4008-8DBB-18A7A4E7EAF0}.Release|x64.ActiveCfg = Release|Any CPU
		{3C5661BD-EDDA-4008-8DBB-18A7A4E7EAF0}.Release|x64.Build.0 = Release|Any CPU
		{3C5661BD-EDDA-4008-8DBB-18A7A4E7EAF0}.Release|x86.ActiveCfg = Release|Any CPU
		{3C5661BD-EDDA-4008-8DBB-18A7A4E7EAF0}.Release|x86.Build.0 = Release|Any CPU
		{82D5D693-5C3A-4EC9-93E2-36EE5E1C4F72}.Debug|Any CPU.ActiveCfg = Debug|Any CPU
		{82D5D693-5C3A-4EC9-93E2-36EE5E1C4F72}.Debug|Any CPU.Build.0 = Debug|Any CPU
		{82D5D693-5C3A-4EC9-93E2-36EE5E1C4F72}.Debug|ARM.ActiveCfg = Debug|Any CPU
		{82D5D693-5C3A-4EC9-93E2-36EE5E1C4F72}.Debug|ARM.Build.0 = Debug|Any CPU
		{82D5D693-5C3A-4EC9-93E2-36EE5E1C4F72}.Debug|ARM64.ActiveCfg = Debug|Any CPU
		{82D5D693-5C3A-4EC9-93E2-36EE5E1C4F72}.Debug|ARM64.Build.0 = Debug|Any CPU
		{82D5D693-5C3A-4EC9-93E2-36EE5E1C4F72}.Debug|x64.ActiveCfg = Debug|Any CPU
		{82D5D693-5C3A-4EC9-93E2-36EE5E1C4F72}.Debug|x64.Build.0 = Debug|Any CPU
		{82D5D693-5C3A-4EC9-93E2-36EE5E1C4F72}.Debug|x86.ActiveCfg = Debug|Any CPU
		{82D5D693-5C3A-4EC9-93E2-36EE5E1C4F72}.Debug|x86.Build.0 = Debug|Any CPU
		{82D5D693-5C3A-4EC9-93E2-36EE5E1C4F72}.Release|Any CPU.ActiveCfg = Release|Any CPU
		{82D5D693-5C3A-4EC9-93E2-36EE5E1C4F72}.Release|Any CPU.Build.0 = Release|Any CPU
		{82D5D693-5C3A-4EC9-93E2-36EE5E1C4F72}.Release|ARM.ActiveCfg = Release|Any CPU
		{82D5D693-5C3A-4EC9-93E2-36EE5E1C4F72}.Release|ARM.Build.0 = Release|Any CPU
		{82D5D693-5C3A-4EC9-93E2-36EE5E1C4F72}.Release|ARM64.ActiveCfg = Release|Any CPU
		{82D5D693-5C3A-4EC9-93E2-36EE5E1C4F72}.Release|ARM64.Build.0 = Release|Any CPU
		{82D5D693-5C3A-4EC9-93E2-36EE5E1C4F72}.Release|x64.ActiveCfg = Release|Any CPU
		{82D5D693-5C3A-4EC9-93E2-36EE5E1C4F72}.Release|x64.Build.0 = Release|Any CPU
		{82D5D693-5C3A-4EC9-93E2-36EE5E1C4F72}.Release|x86.ActiveCfg = Release|Any CPU
		{82D5D693-5C3A-4EC9-93E2-36EE5E1C4F72}.Release|x86.Build.0 = Release|Any CPU
		{198984A4-BA93-4449-9AB5-0E72476AA9E3}.Debug|Any CPU.ActiveCfg = Debug|Any CPU
		{198984A4-BA93-4449-9AB5-0E72476AA9E3}.Debug|Any CPU.Build.0 = Debug|Any CPU
		{198984A4-BA93-4449-9AB5-0E72476AA9E3}.Debug|ARM.ActiveCfg = Debug|Any CPU
		{198984A4-BA93-4449-9AB5-0E72476AA9E3}.Debug|ARM.Build.0 = Debug|Any CPU
		{198984A4-BA93-4449-9AB5-0E72476AA9E3}.Debug|ARM64.ActiveCfg = Debug|Any CPU
		{198984A4-BA93-4449-9AB5-0E72476AA9E3}.Debug|ARM64.Build.0 = Debug|Any CPU
		{198984A4-BA93-4449-9AB5-0E72476AA9E3}.Debug|x64.ActiveCfg = Debug|Any CPU
		{198984A4-BA93-4449-9AB5-0E72476AA9E3}.Debug|x64.Build.0 = Debug|Any CPU
		{198984A4-BA93-4449-9AB5-0E72476AA9E3}.Debug|x86.ActiveCfg = Debug|Any CPU
		{198984A4-BA93-4449-9AB5-0E72476AA9E3}.Debug|x86.Build.0 = Debug|Any CPU
		{198984A4-BA93-4449-9AB5-0E72476AA9E3}.Release|Any CPU.ActiveCfg = Release|Any CPU
		{198984A4-BA93-4449-9AB5-0E72476AA9E3}.Release|Any CPU.Build.0 = Release|Any CPU
		{198984A4-BA93-4449-9AB5-0E72476AA9E3}.Release|ARM.ActiveCfg = Release|Any CPU
		{198984A4-BA93-4449-9AB5-0E72476AA9E3}.Release|ARM.Build.0 = Release|Any CPU
		{198984A4-BA93-4449-9AB5-0E72476AA9E3}.Release|ARM64.ActiveCfg = Release|Any CPU
		{198984A4-BA93-4449-9AB5-0E72476AA9E3}.Release|ARM64.Build.0 = Release|Any CPU
		{198984A4-BA93-4449-9AB5-0E72476AA9E3}.Release|x64.ActiveCfg = Release|Any CPU
		{198984A4-BA93-4449-9AB5-0E72476AA9E3}.Release|x64.Build.0 = Release|Any CPU
		{198984A4-BA93-4449-9AB5-0E72476AA9E3}.Release|x86.ActiveCfg = Release|Any CPU
		{198984A4-BA93-4449-9AB5-0E72476AA9E3}.Release|x86.Build.0 = Release|Any CPU
		{DB170A5A-5CB6-4AD0-99A1-20815D150CC2}.Debug|Any CPU.ActiveCfg = Debug|Any CPU
		{DB170A5A-5CB6-4AD0-99A1-20815D150CC2}.Debug|Any CPU.Build.0 = Debug|Any CPU
		{DB170A5A-5CB6-4AD0-99A1-20815D150CC2}.Debug|ARM.ActiveCfg = Debug|Any CPU
		{DB170A5A-5CB6-4AD0-99A1-20815D150CC2}.Debug|ARM.Build.0 = Debug|Any CPU
		{DB170A5A-5CB6-4AD0-99A1-20815D150CC2}.Debug|ARM64.ActiveCfg = Debug|Any CPU
		{DB170A5A-5CB6-4AD0-99A1-20815D150CC2}.Debug|ARM64.Build.0 = Debug|Any CPU
		{DB170A5A-5CB6-4AD0-99A1-20815D150CC2}.Debug|x64.ActiveCfg = Debug|Any CPU
		{DB170A5A-5CB6-4AD0-99A1-20815D150CC2}.Debug|x64.Build.0 = Debug|Any CPU
		{DB170A5A-5CB6-4AD0-99A1-20815D150CC2}.Debug|x86.ActiveCfg = Debug|Any CPU
		{DB170A5A-5CB6-4AD0-99A1-20815D150CC2}.Debug|x86.Build.0 = Debug|Any CPU
		{DB170A5A-5CB6-4AD0-99A1-20815D150CC2}.Release|Any CPU.ActiveCfg = Release|Any CPU
		{DB170A5A-5CB6-4AD0-99A1-20815D150CC2}.Release|Any CPU.Build.0 = Release|Any CPU
		{DB170A5A-5CB6-4AD0-99A1-20815D150CC2}.Release|ARM.ActiveCfg = Release|Any CPU
		{DB170A5A-5CB6-4AD0-99A1-20815D150CC2}.Release|ARM.Build.0 = Release|Any CPU
		{DB170A5A-5CB6-4AD0-99A1-20815D150CC2}.Release|ARM64.ActiveCfg = Release|Any CPU
		{DB170A5A-5CB6-4AD0-99A1-20815D150CC2}.Release|ARM64.Build.0 = Release|Any CPU
		{DB170A5A-5CB6-4AD0-99A1-20815D150CC2}.Release|x64.ActiveCfg = Release|Any CPU
		{DB170A5A-5CB6-4AD0-99A1-20815D150CC2}.Release|x64.Build.0 = Release|Any CPU
		{DB170A5A-5CB6-4AD0-99A1-20815D150CC2}.Release|x86.ActiveCfg = Release|Any CPU
		{DB170A5A-5CB6-4AD0-99A1-20815D150CC2}.Release|x86.Build.0 = Release|Any CPU
		{4A9C28A2-88C5-4D0A-88C9-C3E632D29FA7}.Debug|Any CPU.ActiveCfg = Debug
		{4A9C28A2-88C5-4D0A-88C9-C3E632D29FA7}.Debug|ARM.ActiveCfg = Debug
		{4A9C28A2-88C5-4D0A-88C9-C3E632D29FA7}.Debug|ARM64.ActiveCfg = Debug
		{4A9C28A2-88C5-4D0A-88C9-C3E632D29FA7}.Debug|x64.ActiveCfg = Debug
		{4A9C28A2-88C5-4D0A-88C9-C3E632D29FA7}.Debug|x86.ActiveCfg = Debug
		{4A9C28A2-88C5-4D0A-88C9-C3E632D29FA7}.Release|Any CPU.ActiveCfg = Release
		{4A9C28A2-88C5-4D0A-88C9-C3E632D29FA7}.Release|ARM.ActiveCfg = Release
		{4A9C28A2-88C5-4D0A-88C9-C3E632D29FA7}.Release|ARM64.ActiveCfg = Release
		{4A9C28A2-88C5-4D0A-88C9-C3E632D29FA7}.Release|x64.ActiveCfg = Release
		{4A9C28A2-88C5-4D0A-88C9-C3E632D29FA7}.Release|x86.ActiveCfg = Release
		{37411747-8399-480D-950C-76C477F8698B}.Debug|Any CPU.ActiveCfg = Debug|Any CPU
		{37411747-8399-480D-950C-76C477F8698B}.Debug|Any CPU.Build.0 = Debug|Any CPU
		{37411747-8399-480D-950C-76C477F8698B}.Debug|ARM.ActiveCfg = Debug|Any CPU
		{37411747-8399-480D-950C-76C477F8698B}.Debug|ARM.Build.0 = Debug|Any CPU
		{37411747-8399-480D-950C-76C477F8698B}.Debug|ARM64.ActiveCfg = Debug|Any CPU
		{37411747-8399-480D-950C-76C477F8698B}.Debug|ARM64.Build.0 = Debug|Any CPU
		{37411747-8399-480D-950C-76C477F8698B}.Debug|x64.ActiveCfg = Debug|Any CPU
		{37411747-8399-480D-950C-76C477F8698B}.Debug|x64.Build.0 = Debug|Any CPU
		{37411747-8399-480D-950C-76C477F8698B}.Debug|x86.ActiveCfg = Debug|Any CPU
		{37411747-8399-480D-950C-76C477F8698B}.Debug|x86.Build.0 = Debug|Any CPU
		{37411747-8399-480D-950C-76C477F8698B}.Release|Any CPU.ActiveCfg = Release|Any CPU
		{37411747-8399-480D-950C-76C477F8698B}.Release|Any CPU.Build.0 = Release|Any CPU
		{37411747-8399-480D-950C-76C477F8698B}.Release|ARM.ActiveCfg = Release|Any CPU
		{37411747-8399-480D-950C-76C477F8698B}.Release|ARM.Build.0 = Release|Any CPU
		{37411747-8399-480D-950C-76C477F8698B}.Release|ARM64.ActiveCfg = Release|Any CPU
		{37411747-8399-480D-950C-76C477F8698B}.Release|ARM64.Build.0 = Release|Any CPU
		{37411747-8399-480D-950C-76C477F8698B}.Release|x64.ActiveCfg = Release|Any CPU
		{37411747-8399-480D-950C-76C477F8698B}.Release|x64.Build.0 = Release|Any CPU
		{37411747-8399-480D-950C-76C477F8698B}.Release|x86.ActiveCfg = Release|Any CPU
		{37411747-8399-480D-950C-76C477F8698B}.Release|x86.Build.0 = Release|Any CPU
		{84D27970-59BF-4A9D-8F8D-A884D7073DFD}.Debug|Any CPU.ActiveCfg = Debug
		{84D27970-59BF-4A9D-8F8D-A884D7073DFD}.Debug|ARM.ActiveCfg = Debug
		{84D27970-59BF-4A9D-8F8D-A884D7073DFD}.Debug|ARM64.ActiveCfg = Debug
		{84D27970-59BF-4A9D-8F8D-A884D7073DFD}.Debug|x64.ActiveCfg = Debug
		{84D27970-59BF-4A9D-8F8D-A884D7073DFD}.Debug|x86.ActiveCfg = Debug
		{84D27970-59BF-4A9D-8F8D-A884D7073DFD}.Release|Any CPU.ActiveCfg = Release
		{84D27970-59BF-4A9D-8F8D-A884D7073DFD}.Release|ARM.ActiveCfg = Release
		{84D27970-59BF-4A9D-8F8D-A884D7073DFD}.Release|ARM64.ActiveCfg = Release
		{84D27970-59BF-4A9D-8F8D-A884D7073DFD}.Release|x64.ActiveCfg = Release
		{84D27970-59BF-4A9D-8F8D-A884D7073DFD}.Release|x86.ActiveCfg = Release
		{BA4731F9-8682-46E6-AD2B-56CFA4D7110B}.Debug|Any CPU.ActiveCfg = Debug|Any CPU
		{BA4731F9-8682-46E6-AD2B-56CFA4D7110B}.Debug|Any CPU.Build.0 = Debug|Any CPU
		{BA4731F9-8682-46E6-AD2B-56CFA4D7110B}.Debug|ARM.ActiveCfg = Debug|Any CPU
		{BA4731F9-8682-46E6-AD2B-56CFA4D7110B}.Debug|ARM.Build.0 = Debug|Any CPU
		{BA4731F9-8682-46E6-AD2B-56CFA4D7110B}.Debug|ARM64.ActiveCfg = Debug|Any CPU
		{BA4731F9-8682-46E6-AD2B-56CFA4D7110B}.Debug|ARM64.Build.0 = Debug|Any CPU
		{BA4731F9-8682-46E6-AD2B-56CFA4D7110B}.Debug|x64.ActiveCfg = Debug|Any CPU
		{BA4731F9-8682-46E6-AD2B-56CFA4D7110B}.Debug|x64.Build.0 = Debug|Any CPU
		{BA4731F9-8682-46E6-AD2B-56CFA4D7110B}.Debug|x86.ActiveCfg = Debug|Any CPU
		{BA4731F9-8682-46E6-AD2B-56CFA4D7110B}.Debug|x86.Build.0 = Debug|Any CPU
		{BA4731F9-8682-46E6-AD2B-56CFA4D7110B}.Release|Any CPU.ActiveCfg = Release|Any CPU
		{BA4731F9-8682-46E6-AD2B-56CFA4D7110B}.Release|Any CPU.Build.0 = Release|Any CPU
		{BA4731F9-8682-46E6-AD2B-56CFA4D7110B}.Release|ARM.ActiveCfg = Release|Any CPU
		{BA4731F9-8682-46E6-AD2B-56CFA4D7110B}.Release|ARM.Build.0 = Release|Any CPU
		{BA4731F9-8682-46E6-AD2B-56CFA4D7110B}.Release|ARM64.ActiveCfg = Release|Any CPU
		{BA4731F9-8682-46E6-AD2B-56CFA4D7110B}.Release|ARM64.Build.0 = Release|Any CPU
		{BA4731F9-8682-46E6-AD2B-56CFA4D7110B}.Release|x64.ActiveCfg = Release|Any CPU
		{BA4731F9-8682-46E6-AD2B-56CFA4D7110B}.Release|x64.Build.0 = Release|Any CPU
		{BA4731F9-8682-46E6-AD2B-56CFA4D7110B}.Release|x86.ActiveCfg = Release|Any CPU
		{BA4731F9-8682-46E6-AD2B-56CFA4D7110B}.Release|x86.Build.0 = Release|Any CPU
		{72535FA6-0046-4D38-B42A-D6790355F533}.Debug|Any CPU.ActiveCfg = Debug|Any CPU
		{72535FA6-0046-4D38-B42A-D6790355F533}.Debug|Any CPU.Build.0 = Debug|Any CPU
		{72535FA6-0046-4D38-B42A-D6790355F533}.Debug|ARM.ActiveCfg = Debug|Any CPU
		{72535FA6-0046-4D38-B42A-D6790355F533}.Debug|ARM.Build.0 = Debug|Any CPU
		{72535FA6-0046-4D38-B42A-D6790355F533}.Debug|ARM64.ActiveCfg = Debug|Any CPU
		{72535FA6-0046-4D38-B42A-D6790355F533}.Debug|ARM64.Build.0 = Debug|Any CPU
		{72535FA6-0046-4D38-B42A-D6790355F533}.Debug|x64.ActiveCfg = Debug|Any CPU
		{72535FA6-0046-4D38-B42A-D6790355F533}.Debug|x64.Build.0 = Debug|Any CPU
		{72535FA6-0046-4D38-B42A-D6790355F533}.Debug|x86.ActiveCfg = Debug|Any CPU
		{72535FA6-0046-4D38-B42A-D6790355F533}.Debug|x86.Build.0 = Debug|Any CPU
		{72535FA6-0046-4D38-B42A-D6790355F533}.Release|Any CPU.ActiveCfg = Release|Any CPU
		{72535FA6-0046-4D38-B42A-D6790355F533}.Release|Any CPU.Build.0 = Release|Any CPU
		{72535FA6-0046-4D38-B42A-D6790355F533}.Release|ARM.ActiveCfg = Release|Any CPU
		{72535FA6-0046-4D38-B42A-D6790355F533}.Release|ARM.Build.0 = Release|Any CPU
		{72535FA6-0046-4D38-B42A-D6790355F533}.Release|ARM64.ActiveCfg = Release|Any CPU
		{72535FA6-0046-4D38-B42A-D6790355F533}.Release|ARM64.Build.0 = Release|Any CPU
		{72535FA6-0046-4D38-B42A-D6790355F533}.Release|x64.ActiveCfg = Release|Any CPU
		{72535FA6-0046-4D38-B42A-D6790355F533}.Release|x64.Build.0 = Release|Any CPU
		{72535FA6-0046-4D38-B42A-D6790355F533}.Release|x86.ActiveCfg = Release|Any CPU
		{72535FA6-0046-4D38-B42A-D6790355F533}.Release|x86.Build.0 = Release|Any CPU
		{C27868FD-C1B0-4724-B697-01752A4CB6A1}.Debug|Any CPU.ActiveCfg = Debug|Any CPU
		{C27868FD-C1B0-4724-B697-01752A4CB6A1}.Debug|Any CPU.Build.0 = Debug|Any CPU
		{C27868FD-C1B0-4724-B697-01752A4CB6A1}.Debug|ARM.ActiveCfg = Debug|Any CPU
		{C27868FD-C1B0-4724-B697-01752A4CB6A1}.Debug|ARM.Build.0 = Debug|Any CPU
		{C27868FD-C1B0-4724-B697-01752A4CB6A1}.Debug|ARM64.ActiveCfg = Debug|Any CPU
		{C27868FD-C1B0-4724-B697-01752A4CB6A1}.Debug|ARM64.Build.0 = Debug|Any CPU
		{C27868FD-C1B0-4724-B697-01752A4CB6A1}.Debug|x64.ActiveCfg = Debug|Any CPU
		{C27868FD-C1B0-4724-B697-01752A4CB6A1}.Debug|x64.Build.0 = Debug|Any CPU
		{C27868FD-C1B0-4724-B697-01752A4CB6A1}.Debug|x86.ActiveCfg = Debug|Any CPU
		{C27868FD-C1B0-4724-B697-01752A4CB6A1}.Debug|x86.Build.0 = Debug|Any CPU
		{C27868FD-C1B0-4724-B697-01752A4CB6A1}.Release|Any CPU.ActiveCfg = Release|Any CPU
		{C27868FD-C1B0-4724-B697-01752A4CB6A1}.Release|Any CPU.Build.0 = Release|Any CPU
		{C27868FD-C1B0-4724-B697-01752A4CB6A1}.Release|ARM.ActiveCfg = Release|Any CPU
		{C27868FD-C1B0-4724-B697-01752A4CB6A1}.Release|ARM.Build.0 = Release|Any CPU
		{C27868FD-C1B0-4724-B697-01752A4CB6A1}.Release|ARM64.ActiveCfg = Release|Any CPU
		{C27868FD-C1B0-4724-B697-01752A4CB6A1}.Release|ARM64.Build.0 = Release|Any CPU
		{C27868FD-C1B0-4724-B697-01752A4CB6A1}.Release|x64.ActiveCfg = Release|Any CPU
		{C27868FD-C1B0-4724-B697-01752A4CB6A1}.Release|x64.Build.0 = Release|Any CPU
		{C27868FD-C1B0-4724-B697-01752A4CB6A1}.Release|x86.ActiveCfg = Release|Any CPU
		{C27868FD-C1B0-4724-B697-01752A4CB6A1}.Release|x86.Build.0 = Release|Any CPU
		{425283E5-9222-4CEE-8BA2-57A8F56E0A62}.Debug|Any CPU.ActiveCfg = Debug
		{425283E5-9222-4CEE-8BA2-57A8F56E0A62}.Debug|ARM.ActiveCfg = Debug
		{425283E5-9222-4CEE-8BA2-57A8F56E0A62}.Debug|ARM64.ActiveCfg = Debug
		{425283E5-9222-4CEE-8BA2-57A8F56E0A62}.Debug|x64.ActiveCfg = Debug
		{425283E5-9222-4CEE-8BA2-57A8F56E0A62}.Debug|x86.ActiveCfg = Debug
		{425283E5-9222-4CEE-8BA2-57A8F56E0A62}.Release|Any CPU.ActiveCfg = Release
		{425283E5-9222-4CEE-8BA2-57A8F56E0A62}.Release|ARM.ActiveCfg = Release
		{425283E5-9222-4CEE-8BA2-57A8F56E0A62}.Release|ARM64.ActiveCfg = Release
		{425283E5-9222-4CEE-8BA2-57A8F56E0A62}.Release|x64.ActiveCfg = Release
		{425283E5-9222-4CEE-8BA2-57A8F56E0A62}.Release|x86.ActiveCfg = Release
		{60407488-04CD-4F90-BFE6-19491D919D91}.Debug|Any CPU.ActiveCfg = Debug|Any CPU
		{60407488-04CD-4F90-BFE6-19491D919D91}.Debug|Any CPU.Build.0 = Debug|Any CPU
		{60407488-04CD-4F90-BFE6-19491D919D91}.Debug|ARM.ActiveCfg = Debug|Any CPU
		{60407488-04CD-4F90-BFE6-19491D919D91}.Debug|ARM.Build.0 = Debug|Any CPU
		{60407488-04CD-4F90-BFE6-19491D919D91}.Debug|ARM64.ActiveCfg = Debug|Any CPU
		{60407488-04CD-4F90-BFE6-19491D919D91}.Debug|ARM64.Build.0 = Debug|Any CPU
		{60407488-04CD-4F90-BFE6-19491D919D91}.Debug|x64.ActiveCfg = Debug|Any CPU
		{60407488-04CD-4F90-BFE6-19491D919D91}.Debug|x64.Build.0 = Debug|Any CPU
		{60407488-04CD-4F90-BFE6-19491D919D91}.Debug|x86.ActiveCfg = Debug|Any CPU
		{60407488-04CD-4F90-BFE6-19491D919D91}.Debug|x86.Build.0 = Debug|Any CPU
		{60407488-04CD-4F90-BFE6-19491D919D91}.Release|Any CPU.ActiveCfg = Release|Any CPU
		{60407488-04CD-4F90-BFE6-19491D919D91}.Release|Any CPU.Build.0 = Release|Any CPU
		{60407488-04CD-4F90-BFE6-19491D919D91}.Release|ARM.ActiveCfg = Release|Any CPU
		{60407488-04CD-4F90-BFE6-19491D919D91}.Release|ARM.Build.0 = Release|Any CPU
		{60407488-04CD-4F90-BFE6-19491D919D91}.Release|ARM64.ActiveCfg = Release|Any CPU
		{60407488-04CD-4F90-BFE6-19491D919D91}.Release|ARM64.Build.0 = Release|Any CPU
		{60407488-04CD-4F90-BFE6-19491D919D91}.Release|x64.ActiveCfg = Release|Any CPU
		{60407488-04CD-4F90-BFE6-19491D919D91}.Release|x64.Build.0 = Release|Any CPU
		{60407488-04CD-4F90-BFE6-19491D919D91}.Release|x86.ActiveCfg = Release|Any CPU
		{60407488-04CD-4F90-BFE6-19491D919D91}.Release|x86.Build.0 = Release|Any CPU
		{499AA438-B226-46C2-8458-1F44BAA135A4}.Debug|Any CPU.ActiveCfg = Debug|Any CPU
		{499AA438-B226-46C2-8458-1F44BAA135A4}.Debug|Any CPU.Build.0 = Debug|Any CPU
		{499AA438-B226-46C2-8458-1F44BAA135A4}.Debug|ARM.ActiveCfg = Debug|Any CPU
		{499AA438-B226-46C2-8458-1F44BAA135A4}.Debug|ARM.Build.0 = Debug|Any CPU
		{499AA438-B226-46C2-8458-1F44BAA135A4}.Debug|ARM64.ActiveCfg = Debug|Any CPU
		{499AA438-B226-46C2-8458-1F44BAA135A4}.Debug|ARM64.Build.0 = Debug|Any CPU
		{499AA438-B226-46C2-8458-1F44BAA135A4}.Debug|x64.ActiveCfg = Debug|Any CPU
		{499AA438-B226-46C2-8458-1F44BAA135A4}.Debug|x64.Build.0 = Debug|Any CPU
		{499AA438-B226-46C2-8458-1F44BAA135A4}.Debug|x86.ActiveCfg = Debug|Any CPU
		{499AA438-B226-46C2-8458-1F44BAA135A4}.Debug|x86.Build.0 = Debug|Any CPU
		{499AA438-B226-46C2-8458-1F44BAA135A4}.Release|Any CPU.ActiveCfg = Release|Any CPU
		{499AA438-B226-46C2-8458-1F44BAA135A4}.Release|Any CPU.Build.0 = Release|Any CPU
		{499AA438-B226-46C2-8458-1F44BAA135A4}.Release|ARM.ActiveCfg = Release|Any CPU
		{499AA438-B226-46C2-8458-1F44BAA135A4}.Release|ARM.Build.0 = Release|Any CPU
		{499AA438-B226-46C2-8458-1F44BAA135A4}.Release|ARM64.ActiveCfg = Release|Any CPU
		{499AA438-B226-46C2-8458-1F44BAA135A4}.Release|ARM64.Build.0 = Release|Any CPU
		{499AA438-B226-46C2-8458-1F44BAA135A4}.Release|x64.ActiveCfg = Release|Any CPU
		{499AA438-B226-46C2-8458-1F44BAA135A4}.Release|x64.Build.0 = Release|Any CPU
		{499AA438-B226-46C2-8458-1F44BAA135A4}.Release|x86.ActiveCfg = Release|Any CPU
		{499AA438-B226-46C2-8458-1F44BAA135A4}.Release|x86.Build.0 = Release|Any CPU
		{5126801B-079F-4364-AD86-C2BB3155DD62}.Debug|Any CPU.ActiveCfg = Debug|Any CPU
		{5126801B-079F-4364-AD86-C2BB3155DD62}.Debug|Any CPU.Build.0 = Debug|Any CPU
		{5126801B-079F-4364-AD86-C2BB3155DD62}.Debug|ARM.ActiveCfg = Debug|Any CPU
		{5126801B-079F-4364-AD86-C2BB3155DD62}.Debug|ARM.Build.0 = Debug|Any CPU
		{5126801B-079F-4364-AD86-C2BB3155DD62}.Debug|ARM64.ActiveCfg = Debug|Any CPU
		{5126801B-079F-4364-AD86-C2BB3155DD62}.Debug|ARM64.Build.0 = Debug|Any CPU
		{5126801B-079F-4364-AD86-C2BB3155DD62}.Debug|x64.ActiveCfg = Debug|Any CPU
		{5126801B-079F-4364-AD86-C2BB3155DD62}.Debug|x64.Build.0 = Debug|Any CPU
		{5126801B-079F-4364-AD86-C2BB3155DD62}.Debug|x86.ActiveCfg = Debug|Any CPU
		{5126801B-079F-4364-AD86-C2BB3155DD62}.Debug|x86.Build.0 = Debug|Any CPU
		{5126801B-079F-4364-AD86-C2BB3155DD62}.Release|Any CPU.ActiveCfg = Release|Any CPU
		{5126801B-079F-4364-AD86-C2BB3155DD62}.Release|Any CPU.Build.0 = Release|Any CPU
		{5126801B-079F-4364-AD86-C2BB3155DD62}.Release|ARM.ActiveCfg = Release|Any CPU
		{5126801B-079F-4364-AD86-C2BB3155DD62}.Release|ARM.Build.0 = Release|Any CPU
		{5126801B-079F-4364-AD86-C2BB3155DD62}.Release|ARM64.ActiveCfg = Release|Any CPU
		{5126801B-079F-4364-AD86-C2BB3155DD62}.Release|ARM64.Build.0 = Release|Any CPU
		{5126801B-079F-4364-AD86-C2BB3155DD62}.Release|x64.ActiveCfg = Release|Any CPU
		{5126801B-079F-4364-AD86-C2BB3155DD62}.Release|x64.Build.0 = Release|Any CPU
		{5126801B-079F-4364-AD86-C2BB3155DD62}.Release|x86.ActiveCfg = Release|Any CPU
		{5126801B-079F-4364-AD86-C2BB3155DD62}.Release|x86.Build.0 = Release|Any CPU
	EndGlobalSection
	GlobalSection(SolutionProperties) = preSolution
		HideSolutionNode = FALSE
	EndGlobalSection
	GlobalSection(NestedProjects) = preSolution
		{0C8EAE54-8FE0-4031-B8AD-FA3A7CDADA8E} = {E59E8A62-3EB3-4B4F-ADF5-0F91F3D10A2E}
		{21FB0591-AA97-4E1C-B789-1DE526CBE66D} = {55F01096-8E52-407F-9BFF-BF9523705481}
		{EFB70D0B-C136-4017-961F-24F4CB83BD20} = {55F01096-8E52-407F-9BFF-BF9523705481}
		{5F40613F-CA2D-4756-A91F-A72A135F0289} = {55F01096-8E52-407F-9BFF-BF9523705481}
		{9BC7E35C-1975-441E-B0DC-68598C61101A} = {AC39265F-A3A9-4ECC-AA7C-572D9842DAA8}
		{7AAAA29E-2903-4346-8506-D17156C4B6C7} = {AC39265F-A3A9-4ECC-AA7C-572D9842DAA8}
		{3AFA32A8-ECBC-428F-AAA0-BE4F55D98977} = {E59E8A62-3EB3-4B4F-ADF5-0F91F3D10A2E}
		{61C0361D-3A27-4481-85DB-D1AB8966CB1B} = {E2F45819-4F99-463C-A9FB-1AA8DBE90EAA}
		{4C65C8EB-C565-4314-A0A2-9956DC01C49E} = {61C0361D-3A27-4481-85DB-D1AB8966CB1B}
		{C4FA0E99-BBCC-4883-A49A-20EB396F7347} = {61C0361D-3A27-4481-85DB-D1AB8966CB1B}
		{FF570DD5-17E8-442E-892A-803B20CFC5FF} = {61C0361D-3A27-4481-85DB-D1AB8966CB1B}
		{10B3FC90-9FE6-4D11-8FEE-35BAADCA77A0} = {61C0361D-3A27-4481-85DB-D1AB8966CB1B}
		{52550EB9-7BF0-4FD8-917C-103098232F22} = {55F01096-8E52-407F-9BFF-BF9523705481}
		{9894076A-D383-44EB-8875-7E8AAF798F77} = {55F01096-8E52-407F-9BFF-BF9523705481}
		{1E5A426F-F93B-4849-9AF0-AEC15E6D7EC7} = {55F01096-8E52-407F-9BFF-BF9523705481}
		{E00D573A-084F-45A3-A586-8EBEF36C0DDD} = {095A1F55-E19B-4B94-BECC-B53E83795F19}
		{606213E2-89F3-4E69-97F1-A7CFE7D363F8} = {095A1F55-E19B-4B94-BECC-B53E83795F19}
		{45993AE3-EE77-497D-AF7D-A5D911648AD0} = {095A1F55-E19B-4B94-BECC-B53E83795F19}
		{96FE25EB-1E18-4B35-88B8-D7EDCB7822A5} = {E2F45819-4F99-463C-A9FB-1AA8DBE90EAA}
		{9B8C1387-8B6D-4AEA-B39E-F2908E30C02A} = {96FE25EB-1E18-4B35-88B8-D7EDCB7822A5}
		{64470B1E-8091-43CE-8668-FD7297340C96} = {095A1F55-E19B-4B94-BECC-B53E83795F19}
		{9F4D35EC-22B3-45E3-A0D4-30BE4117688C} = {E59E8A62-3EB3-4B4F-ADF5-0F91F3D10A2E}
		{8E38ABB6-6EC9-44E2-A082-270A5377FB78} = {E59E8A62-3EB3-4B4F-ADF5-0F91F3D10A2E}
		{38D1A256-5EB0-4B2D-BBDD-F5EF03556DF1} = {E59E8A62-3EB3-4B4F-ADF5-0F91F3D10A2E}
		{B6F27259-8BC4-4B03-968A-63F78DD5FA83} = {E59E8A62-3EB3-4B4F-ADF5-0F91F3D10A2E}
		{19071344-6EC7-4004-BE6E-B3E64C056106} = {E59E8A62-3EB3-4B4F-ADF5-0F91F3D10A2E}
		{4D153E15-00FF-4D88-9F51-88BDAECCB9EC} = {E59E8A62-3EB3-4B4F-ADF5-0F91F3D10A2E}
		{09C71B30-4347-4A5D-8B04-3D7ABD45711C} = {E59E8A62-3EB3-4B4F-ADF5-0F91F3D10A2E}
		{5C8BEDF9-48CE-4AAD-A34F-9B401560F30C} = {E59E8A62-3EB3-4B4F-ADF5-0F91F3D10A2E}
		{79BD0E84-D5DA-4BD2-8125-A02C7FB4842B} = {068C093F-5D14-46E0-B394-25D1102BB082}
		{766F533B-8D49-4C3F-A6DD-A66385E3CCB9} = {068C093F-5D14-46E0-B394-25D1102BB082}
		{258284CC-6966-48AA-9EB2-7C8C3871D1FB} = {068C093F-5D14-46E0-B394-25D1102BB082}
		{C090117C-6F90-48E0-A2BF-75F5A7DDE6CC} = {068C093F-5D14-46E0-B394-25D1102BB082}
		{504C35DE-5580-4C38-9CDE-D7F430EE8E37} = {068C093F-5D14-46E0-B394-25D1102BB082}
		{6B6B4863-BA8A-4E87-8CC9-056676925EFA} = {498C3797-E1A1-45FE-8F96-3D4E5469820B}
		{81ABA0ED-B508-4172-A3A2-C508F6287B93} = {498C3797-E1A1-45FE-8F96-3D4E5469820B}
		{33862ED9-BD61-40A2-B6FE-31B47FCAEDD5} = {498C3797-E1A1-45FE-8F96-3D4E5469820B}
		{1E852553-1F77-47A9-81FF-022017C41642} = {498C3797-E1A1-45FE-8F96-3D4E5469820B}
		{6A8CC8F2-B7C4-4A7B-93CA-0DBCADA21FC8} = {6C0FB0F1-224D-4D4C-93F9-5A92FD567440}
		{3C5661BD-EDDA-4008-8DBB-18A7A4E7EAF0} = {498C3797-E1A1-45FE-8F96-3D4E5469820B}
		{82D5D693-5C3A-4EC9-93E2-36EE5E1C4F72} = {E59E8A62-3EB3-4B4F-ADF5-0F91F3D10A2E}
		{198984A4-BA93-4449-9AB5-0E72476AA9E3} = {498C3797-E1A1-45FE-8F96-3D4E5469820B}
		{DB170A5A-5CB6-4AD0-99A1-20815D150CC2} = {498C3797-E1A1-45FE-8F96-3D4E5469820B}
		{4A9C28A2-88C5-4D0A-88C9-C3E632D29FA7} = {E59E8A62-3EB3-4B4F-ADF5-0F91F3D10A2E}
		{37411747-8399-480D-950C-76C477F8698B} = {E59E8A62-3EB3-4B4F-ADF5-0F91F3D10A2E}
		{84D27970-59BF-4A9D-8F8D-A884D7073DFD} = {E59E8A62-3EB3-4B4F-ADF5-0F91F3D10A2E}
		{BA4731F9-8682-46E6-AD2B-56CFA4D7110B} = {E59E8A62-3EB3-4B4F-ADF5-0F91F3D10A2E}
		{72535FA6-0046-4D38-B42A-D6790355F533} = {E59E8A62-3EB3-4B4F-ADF5-0F91F3D10A2E}
		{C27868FD-C1B0-4724-B697-01752A4CB6A1} = {E59E8A62-3EB3-4B4F-ADF5-0F91F3D10A2E}
		{425283E5-9222-4CEE-8BA2-57A8F56E0A62} = {E59E8A62-3EB3-4B4F-ADF5-0F91F3D10A2E}
		{60407488-04CD-4F90-BFE6-19491D919D91} = {D9C20DC4-DE1E-40B0-B53B-FE1FAF8A1A1A}
		{499AA438-B226-46C2-8458-1F44BAA135A4} = {D9C20DC4-DE1E-40B0-B53B-FE1FAF8A1A1A}
		{5126801B-079F-4364-AD86-C2BB3155DD62} = {D9C20DC4-DE1E-40B0-B53B-FE1FAF8A1A1A}
	EndGlobalSection
	GlobalSection(ExtensibilityGlobals) = postSolution
		SolutionGuid = {B3CC83AC-0001-4CA2-91BE-AD2898015131}
	EndGlobalSection
EndGlobal
